// !$*UTF8*$!
{
	archiveVersion = 1;
	classes = {
	};
	objectVersion = 46;
	objects = {

/* Begin PBXBuildFile section */
		9E9893141C5C037800DC4604 /* AppDelegate.swift in Sources */ = {isa = PBXBuildFile; fileRef = 9E9893131C5C037800DC4604 /* AppDelegate.swift */; };
		9E9893161C5C037800DC4604 /* ViewController.swift in Sources */ = {isa = PBXBuildFile; fileRef = 9E9893151C5C037800DC4604 /* ViewController.swift */; };
		9E9893191C5C037800DC4604 /* Main.storyboard in Resources */ = {isa = PBXBuildFile; fileRef = 9E9893171C5C037800DC4604 /* Main.storyboard */; };
		9E98931B1C5C037800DC4604 /* Assets.xcassets in Resources */ = {isa = PBXBuildFile; fileRef = 9E98931A1C5C037800DC4604 /* Assets.xcassets */; };
		9E98931E1C5C037800DC4604 /* LaunchScreen.storyboard in Resources */ = {isa = PBXBuildFile; fileRef = 9E98931C1C5C037800DC4604 /* LaunchScreen.storyboard */; };
		9E9893291C5C037800DC4604 /* PickerViewTests.swift in Sources */ = {isa = PBXBuildFile; fileRef = 9E9893281C5C037800DC4604 /* PickerViewTests.swift */; };
/* End PBXBuildFile section */

/* Begin PBXContainerItemProxy section */
		9E9893251C5C037800DC4604 /* PBXContainerItemProxy */ = {
			isa = PBXContainerItemProxy;
			containerPortal = 9E9893081C5C037800DC4604 /* Project object */;
			proxyType = 1;
			remoteGlobalIDString = 9E98930F1C5C037800DC4604;
			remoteInfo = PickerView;
		};
/* End PBXContainerItemProxy section */

/* Begin PBXFileReference section */
		9E9893101C5C037800DC4604 /* PickerView.app */ = {isa = PBXFileReference; explicitFileType = wrapper.application; includeInIndex = 0; path = PickerView.app; sourceTree = BUILT_PRODUCTS_DIR; };
		9E9893131C5C037800DC4604 /* AppDelegate.swift */ = {isa = PBXFileReference; lastKnownFileType = sourcecode.swift; path = AppDelegate.swift; sourceTree = "<group>"; };
		9E9893151C5C037800DC4604 /* ViewController.swift */ = {isa = PBXFileReference; lastKnownFileType = sourcecode.swift; path = ViewController.swift; sourceTree = "<group>"; };
		9E9893181C5C037800DC4604 /* Base */ = {isa = PBXFileReference; lastKnownFileType = file.storyboard; name = Base; path = Base.lproj/Main.storyboard; sourceTree = "<group>"; };
		9E98931A1C5C037800DC4604 /* Assets.xcassets */ = {isa = PBXFileReference; lastKnownFileType = folder.assetcatalog; path = Assets.xcassets; sourceTree = "<group>"; };
		9E98931D1C5C037800DC4604 /* Base */ = {isa = PBXFileReference; lastKnownFileType = file.storyboard; name = Base; path = Base.lproj/LaunchScreen.storyboard; sourceTree = "<group>"; };
		9E98931F1C5C037800DC4604 /* Info.plist */ = {isa = PBXFileReference; lastKnownFileType = text.plist.xml; path = Info.plist; sourceTree = "<group>"; };
		9E9893241C5C037800DC4604 /* PickerViewTests.xctest */ = {isa = PBXFileReference; explicitFileType = wrapper.cfbundle; includeInIndex = 0; path = PickerViewTests.xctest; sourceTree = BUILT_PRODUCTS_DIR; };
		9E9893281C5C037800DC4604 /* PickerViewTests.swift */ = {isa = PBXFileReference; lastKnownFileType = sourcecode.swift; path = PickerViewTests.swift; sourceTree = "<group>"; };
		9E98932A1C5C037800DC4604 /* Info.plist */ = {isa = PBXFileReference; lastKnownFileType = text.plist.xml; path = Info.plist; sourceTree = "<group>"; };
/* End PBXFileReference section */

/* Begin PBXFrameworksBuildPhase section */
		9E98930D1C5C037800DC4604 /* Frameworks */ = {
			isa = PBXFrameworksBuildPhase;
			buildActionMask = 2147483647;
			files = (
			);
			runOnlyForDeploymentPostprocessing = 0;
		};
		9E9893211C5C037800DC4604 /* Frameworks */ = {
			isa = PBXFrameworksBuildPhase;
			buildActionMask = 2147483647;
			files = (
			);
			runOnlyForDeploymentPostprocessing = 0;
		};
/* End PBXFrameworksBuildPhase section */

/* Begin PBXGroup section */
		9E9893071C5C037800DC4604 = {
			isa = PBXGroup;
			children = (
				9E9893121C5C037800DC4604 /* PickerView */,
				9E9893271C5C037800DC4604 /* PickerViewTests */,
				9E9893111C5C037800DC4604 /* Products */,
			);
			sourceTree = "<group>";
		};
		9E9893111C5C037800DC4604 /* Products */ = {
			isa = PBXGroup;
			children = (
				9E9893101C5C037800DC4604 /* PickerView.app */,
				9E9893241C5C037800DC4604 /* PickerViewTests.xctest */,
			);
			name = Products;
			sourceTree = "<group>";
		};
		9E9893121C5C037800DC4604 /* PickerView */ = {
			isa = PBXGroup;
			children = (
				9E9893131C5C037800DC4604 /* AppDelegate.swift */,
				9E9893151C5C037800DC4604 /* ViewController.swift */,
				9E9893171C5C037800DC4604 /* Main.storyboard */,
				9E98931A1C5C037800DC4604 /* Assets.xcassets */,
				9E98931C1C5C037800DC4604 /* LaunchScreen.storyboard */,
				9E98931F1C5C037800DC4604 /* Info.plist */,
			);
			path = PickerView;
			sourceTree = "<group>";
		};
		9E9893271C5C037800DC4604 /* PickerViewTests */ = {
			isa = PBXGroup;
			children = (
				9E9893281C5C037800DC4604 /* PickerViewTests.swift */,
				9E98932A1C5C037800DC4604 /* Info.plist */,
			);
			path = PickerViewTests;
			sourceTree = "<group>";
		};
/* End PBXGroup section */

/* Begin PBXNativeTarget section */
		9E98930F1C5C037800DC4604 /* PickerView */ = {
			isa = PBXNativeTarget;
			buildConfigurationList = 9E98932D1C5C037800DC4604 /* Build configuration list for PBXNativeTarget "PickerView" */;
			buildPhases = (
				9E98930C1C5C037800DC4604 /* Sources */,
				9E98930D1C5C037800DC4604 /* Frameworks */,
				9E98930E1C5C037800DC4604 /* Resources */,
			);
			buildRules = (
			);
			dependencies = (
			);
			name = PickerView;
			productName = PickerView;
			productReference = 9E9893101C5C037800DC4604 /* PickerView.app */;
			productType = "com.apple.product-type.application";
		};
		9E9893231C5C037800DC4604 /* PickerViewTests */ = {
			isa = PBXNativeTarget;
			buildConfigurationList = 9E9893301C5C037800DC4604 /* Build configuration list for PBXNativeTarget "PickerViewTests" */;
			buildPhases = (
				9E9893201C5C037800DC4604 /* Sources */,
				9E9893211C5C037800DC4604 /* Frameworks */,
				9E9893221C5C037800DC4604 /* Resources */,
			);
			buildRules = (
			);
			dependencies = (
				9E9893261C5C037800DC4604 /* PBXTargetDependency */,
			);
			name = PickerViewTests;
			productName = PickerViewTests;
			productReference = 9E9893241C5C037800DC4604 /* PickerViewTests.xctest */;
			productType = "com.apple.product-type.bundle.unit-test";
		};
/* End PBXNativeTarget section */

/* Begin PBXProject section */
		9E9893081C5C037800DC4604 /* Project object */ = {
			isa = PBXProject;
			attributes = {
				LastSwiftUpdateCheck = 0720;
				LastUpgradeCheck = 0720;
				ORGANIZATIONNAME = "Sascha Luna";
				TargetAttributes = {
					9E98930F1C5C037800DC4604 = {
						CreatedOnToolsVersion = 7.2;
						DevelopmentTeam = 8KU532725H;
					};
					9E9893231C5C037800DC4604 = {
						CreatedOnToolsVersion = 7.2;
						DevelopmentTeam = 8KU532725H;
						TestTargetID = 9E98930F1C5C037800DC4604;
					};
				};
			};
			buildConfigurationList = 9E98930B1C5C037800DC4604 /* Build configuration list for PBXProject "PickerView" */;
			compatibilityVersion = "Xcode 3.2";
			developmentRegion = English;
			hasScannedForEncodings = 0;
			knownRegions = (
				en,
				Base,
			);
			mainGroup = 9E9893071C5C037800DC4604;
			productRefGroup = 9E9893111C5C037800DC4604 /* Products */;
			projectDirPath = "";
			projectRoot = "";
			targets = (
				9E98930F1C5C037800DC4604 /* PickerView */,
				9E9893231C5C037800DC4604 /* PickerViewTests */,
			);
		};
/* End PBXProject section */

/* Begin PBXResourcesBuildPhase section */
		9E98930E1C5C037800DC4604 /* Resources */ = {
			isa = PBXResourcesBuildPhase;
			buildActionMask = 2147483647;
			files = (
				9E98931E1C5C037800DC4604 /* LaunchScreen.storyboard in Resources */,
				9E98931B1C5C037800DC4604 /* Assets.xcassets in Resources */,
				9E9893191C5C037800DC4604 /* Main.storyboard in Resources */,
			);
			runOnlyForDeploymentPostprocessing = 0;
		};
		9E9893221C5C037800DC4604 /* Resources */ = {
			isa = PBXResourcesBuildPhase;
			buildActionMask = 2147483647;
			files = (
			);
			runOnlyForDeploymentPostprocessing = 0;
		};
/* End PBXResourcesBuildPhase section */

/* Begin PBXSourcesBuildPhase section */
		9E98930C1C5C037800DC4604 /* Sources */ = {
			isa = PBXSourcesBuildPhase;
			buildActionMask = 2147483647;
			files = (
				9E9893161C5C037800DC4604 /* ViewController.swift in Sources */,
				9E9893141C5C037800DC4604 /* AppDelegate.swift in Sources */,
			);
			runOnlyForDeploymentPostprocessing = 0;
		};
		9E9893201C5C037800DC4604 /* Sources */ = {
			isa = PBXSourcesBuildPhase;
			buildActionMask = 2147483647;
			files = (
				9E9893291C5C037800DC4604 /* PickerViewTests.swift in Sources */,
			);
			runOnlyForDeploymentPostprocessing = 0;
		};
/* End PBXSourcesBuildPhase section */

/* Begin PBXTargetDependency section */
		9E9893261C5C037800DC4604 /* PBXTargetDependency */ = {
			isa = PBXTargetDependency;
			target = 9E98930F1C5C037800DC4604 /* PickerView */;
			targetProxy = 9E9893251C5C037800DC4604 /* PBXContainerItemProxy */;
		};
/* End PBXTargetDependency section */

/* Begin PBXVariantGroup section */
		9E9893171C5C037800DC4604 /* Main.storyboard */ = {
			isa = PBXVariantGroup;
			children = (
				9E9893181C5C037800DC4604 /* Base */,
			);
			name = Main.storyboard;
			sourceTree = "<group>";
		};
		9E98931C1C5C037800DC4604 /* LaunchScreen.storyboard */ = {
			isa = PBXVariantGroup;
			children = (
				9E98931D1C5C037800DC4604 /* Base */,
			);
			name = LaunchScreen.storyboard;
			sourceTree = "<group>";
		};
/* End PBXVariantGroup section */

/* Begin XCBuildConfiguration section */
		9E98932B1C5C037800DC4604 /* Debug */ = {
			isa = XCBuildConfiguration;
			buildSettings = {
				ALWAYS_SEARCH_USER_PATHS = NO;
				CLANG_CXX_LANGUAGE_STANDARD = "gnu++0x";
				CLANG_CXX_LIBRARY = "libc++";
				CLANG_ENABLE_MODULES = YES;
				CLANG_ENABLE_OBJC_ARC = YES;
				CLANG_WARN_BOOL_CONVERSION = YES;
				CLANG_WARN_CONSTANT_CONVERSION = YES;
				CLANG_WARN_DIRECT_OBJC_ISA_USAGE = YES_ERROR;
				CLANG_WARN_EMPTY_BODY = YES;
				CLANG_WARN_ENUM_CONVERSION = YES;
				CLANG_WARN_INT_CONVERSION = YES;
				CLANG_WARN_OBJC_ROOT_CLASS = YES_ERROR;
				CLANG_WARN_UNREACHABLE_CODE = YES;
				CLANG_WARN__DUPLICATE_METHOD_MATCH = YES;
				"CODE_SIGN_IDENTITY[sdk=iphoneos*]" = "iPhone Developer";
				COPY_PHASE_STRIP = NO;
				DEBUG_INFORMATION_FORMAT = dwarf;
				ENABLE_STRICT_OBJC_MSGSEND = YES;
				ENABLE_TESTABILITY = YES;
				GCC_C_LANGUAGE_STANDARD = gnu99;
				GCC_DYNAMIC_NO_PIC = NO;
				GCC_NO_COMMON_BLOCKS = YES;
				GCC_OPTIMIZATION_LEVEL = 0;
				GCC_PREPROCESSOR_DEFINITIONS = (
					"DEBUG=1",
					"$(inherited)",
				);
				GCC_WARN_64_TO_32_BIT_CONVERSION = YES;
				GCC_WARN_ABOUT_RETURN_TYPE = YES_ERROR;
				GCC_WARN_UNDECLARED_SELECTOR = YES;
				GCC_WARN_UNINITIALIZED_AUTOS = YES_AGGRESSIVE;
				GCC_WARN_UNUSED_FUNCTION = YES;
				GCC_WARN_UNUSED_VARIABLE = YES;
				IPHONEOS_DEPLOYMENT_TARGET = 9.2;
				MTL_ENABLE_DEBUG_INFO = YES;
				ONLY_ACTIVE_ARCH = YES;
				SDKROOT = iphoneos;
				SWIFT_OPTIMIZATION_LEVEL = "-Onone";
			};
			name = Debug;
		};
		9E98932C1C5C037800DC4604 /* Release */ = {
			isa = XCBuildConfiguration;
			buildSettings = {
				ALWAYS_SEARCH_USER_PATHS = NO;
				CLANG_CXX_LANGUAGE_STANDARD = "gnu++0x";
				CLANG_CXX_LIBRARY = "libc++";
				CLANG_ENABLE_MODULES = YES;
				CLANG_ENABLE_OBJC_ARC = YES;
				CLANG_WARN_BOOL_CONVERSION = YES;
				CLANG_WARN_CONSTANT_CONVERSION = YES;
				CLANG_WARN_DIRECT_OBJC_ISA_USAGE = YES_ERROR;
				CLANG_WARN_EMPTY_BODY = YES;
				CLANG_WARN_ENUM_CONVERSION = YES;
				CLANG_WARN_INT_CONVERSION = YES;
				CLANG_WARN_OBJC_ROOT_CLASS = YES_ERROR;
				CLANG_WARN_UNREACHABLE_CODE = YES;
				CLANG_WARN__DUPLICATE_METHOD_MATCH = YES;
				"CODE_SIGN_IDENTITY[sdk=iphoneos*]" = "iPhone Developer";
				COPY_PHASE_STRIP = NO;
				DEBUG_INFORMATION_FORMAT = "dwarf-with-dsym";
				ENABLE_NS_ASSERTIONS = NO;
				ENABLE_STRICT_OBJC_MSGSEND = YES;
				GCC_C_LANGUAGE_STANDARD = gnu99;
				GCC_NO_COMMON_BLOCKS = YES;
				GCC_WARN_64_TO_32_BIT_CONVERSION = YES;
				GCC_WARN_ABOUT_RETURN_TYPE = YES_ERROR;
				GCC_WARN_UNDECLARED_SELECTOR = YES;
				GCC_WARN_UNINITIALIZED_AUTOS = YES_AGGRESSIVE;
				GCC_WARN_UNUSED_FUNCTION = YES;
				GCC_WARN_UNUSED_VARIABLE = YES;
				IPHONEOS_DEPLOYMENT_TARGET = 9.2;
				MTL_ENABLE_DEBUG_INFO = NO;
				SDKROOT = iphoneos;
				VALIDATE_PRODUCT = YES;
			};
			name = Release;
		};
		9E98932E1C5C037800DC4604 /* Debug */ = {
			isa = XCBuildConfiguration;
			buildSettings = {
				ASSETCATALOG_COMPILER_APPICON_NAME = AppIcon;
				INFOPLIST_FILE = PickerView/Info.plist;
				LD_RUNPATH_SEARCH_PATHS = "$(inherited) @executable_path/Frameworks";
				PRODUCT_BUNDLE_IDENTIFIER = com.luna.PickerView;
				PRODUCT_NAME = "$(TARGET_NAME)";
			};
			name = Debug;
		};
		9E98932F1C5C037800DC4604 /* Release */ = {
			isa = XCBuildConfiguration;
			buildSettings = {
				ASSETCATALOG_COMPILER_APPICON_NAME = AppIcon;
				INFOPLIST_FILE = PickerView/Info.plist;
				LD_RUNPATH_SEARCH_PATHS = "$(inherited) @executable_path/Frameworks";
				PRODUCT_BUNDLE_IDENTIFIER = com.luna.PickerView;
				PRODUCT_NAME = "$(TARGET_NAME)";
			};
			name = Release;
		};
		9E9893311C5C037800DC4604 /* Debug */ = {
			isa = XCBuildConfiguration;
			buildSettings = {
				BUNDLE_LOADER = "$(TEST_HOST)";
				INFOPLIST_FILE = PickerViewTests/Info.plist;
				LD_RUNPATH_SEARCH_PATHS = "$(inherited) @executable_path/Frameworks @loader_path/Frameworks";
				PRODUCT_BUNDLE_IDENTIFIER = com.luna.PickerViewTests;
				PRODUCT_NAME = "$(TARGET_NAME)";
				TEST_HOST = "$(BUILT_PRODUCTS_DIR)/PickerView.app/PickerView";
			};
			name = Debug;
		};
		9E9893321C5C037800DC4604 /* Release */ = {
			isa = XCBuildConfiguration;
			buildSettings = {
				BUNDLE_LOADER = "$(TEST_HOST)";
				INFOPLIST_FILE = PickerViewTests/Info.plist;
				LD_RUNPATH_SEARCH_PATHS = "$(inherited) @executable_path/Frameworks @loader_path/Frameworks";
				PRODUCT_BUNDLE_IDENTIFIER = com.luna.PickerViewTests;
				PRODUCT_NAME = "$(TARGET_NAME)";
				TEST_HOST = "$(BUILT_PRODUCTS_DIR)/PickerView.app/PickerView";
			};
			name = Release;
		};
/* End XCBuildConfiguration section */

/* Begin XCConfigurationList section */
		9E98930B1C5C037800DC4604 /* Build configuration list for PBXProject "PickerView" */ = {
			isa = XCConfigurationList;
			buildConfigurations = (
				9E98932B1C5C037800DC4604 /* Debug */,
				9E98932C1C5C037800DC4604 /* Release */,
			);
			defaultConfigurationIsVisible = 0;
			defaultConfigurationName = Release;
		};
		9E98932D1C5C037800DC4604 /* Build configuration list for PBXNativeTarget "PickerView" */ = {
			isa = XCConfigurationList;
			buildConfigurations = (
				9E98932E1C5C037800DC4604 /* Debug */,
				9E98932F1C5C037800DC4604 /* Release */,
			);
			defaultConfigurationIsVisible = 0;
		};
		9E9893301C5C037800DC4604 /* Build configuration list for PBXNativeTarget "PickerViewTests" */ = {
			isa = XCConfigurationList;
			buildConfigurations = (
				9E9893311C5C037800DC4604 /* Debug */,
				9E9893321C5C037800DC4604 /* Release */,
			);
			defaultConfigurationIsVisible = 0;
		};
/* End XCConfigurationList section */
	};
	rootObject = 9E9893081C5C037800DC4604 /* Project object */;
}
