// !$*UTF8*$!
{
	archiveVersion = 1;
	classes = {
	};
	objectVersion = 46;
	objects = {

/* Begin PBXBuildFile section */
		9ECE27EC1C53B68200D7A9F7 /* AppDelegate.swift in Sources */ = {isa = PBXBuildFile; fileRef = 9ECE27EB1C53B68200D7A9F7 /* AppDelegate.swift */; };
		9ECE27EE1C53B68200D7A9F7 /* MasterViewController.swift in Sources */ = {isa = PBXBuildFile; fileRef = 9ECE27ED1C53B68200D7A9F7 /* MasterViewController.swift */; };
		9ECE27F01C53B68200D7A9F7 /* DetailViewController.swift in Sources */ = {isa = PBXBuildFile; fileRef = 9ECE27EF1C53B68200D7A9F7 /* DetailViewController.swift */; };
		9ECE27F31C53B68200D7A9F7 /* Main.storyboard in Resources */ = {isa = PBXBuildFile; fileRef = 9ECE27F11C53B68200D7A9F7 /* Main.storyboard */; };
		9ECE27F51C53B68200D7A9F7 /* Assets.xcassets in Resources */ = {isa = PBXBuildFile; fileRef = 9ECE27F41C53B68200D7A9F7 /* Assets.xcassets */; };
		9ECE27F81C53B68200D7A9F7 /* LaunchScreen.storyboard in Resources */ = {isa = PBXBuildFile; fileRef = 9ECE27F61C53B68200D7A9F7 /* LaunchScreen.storyboard */; };
		9ECE28031C53B68200D7A9F7 /* Note_AppTests.swift in Sources */ = {isa = PBXBuildFile; fileRef = 9ECE28021C53B68200D7A9F7 /* Note_AppTests.swift */; };
/* End PBXBuildFile section */

/* Begin PBXContainerItemProxy section */
		9ECE27FF1C53B68200D7A9F7 /* PBXContainerItemProxy */ = {
			isa = PBXContainerItemProxy;
			containerPortal = 9ECE27E01C53B68200D7A9F7 /* Project object */;
			proxyType = 1;
			remoteGlobalIDString = 9ECE27E71C53B68200D7A9F7;
			remoteInfo = "Note App";
		};
/* End PBXContainerItemProxy section */

/* Begin PBXFileReference section */
		9ECE27E81C53B68200D7A9F7 /* Note App.app */ = {isa = PBXFileReference; explicitFileType = wrapper.application; includeInIndex = 0; path = "Note App.app"; sourceTree = BUILT_PRODUCTS_DIR; };
		9ECE27EB1C53B68200D7A9F7 /* AppDelegate.swift */ = {isa = PBXFileReference; lastKnownFileType = sourcecode.swift; path = AppDelegate.swift; sourceTree = "<group>"; };
		9ECE27ED1C53B68200D7A9F7 /* MasterViewController.swift */ = {isa = PBXFileReference; lastKnownFileType = sourcecode.swift; path = MasterViewController.swift; sourceTree = "<group>"; };
		9ECE27EF1C53B68200D7A9F7 /* DetailViewController.swift */ = {isa = PBXFileReference; lastKnownFileType = sourcecode.swift; path = DetailViewController.swift; sourceTree = "<group>"; };
		9ECE27F21C53B68200D7A9F7 /* Base */ = {isa = PBXFileReference; lastKnownFileType = file.storyboard; name = Base; path = Base.lproj/Main.storyboard; sourceTree = "<group>"; };
		9ECE27F41C53B68200D7A9F7 /* Assets.xcassets */ = {isa = PBXFileReference; lastKnownFileType = folder.assetcatalog; path = Assets.xcassets; sourceTree = "<group>"; };
		9ECE27F71C53B68200D7A9F7 /* Base */ = {isa = PBXFileReference; lastKnownFileType = file.storyboard; name = Base; path = Base.lproj/LaunchScreen.storyboard; sourceTree = "<group>"; };
		9ECE27F91C53B68200D7A9F7 /* Info.plist */ = {isa = PBXFileReference; lastKnownFileType = text.plist.xml; path = Info.plist; sourceTree = "<group>"; };
		9ECE27FE1C53B68200D7A9F7 /* Note AppTests.xctest */ = {isa = PBXFileReference; explicitFileType = wrapper.cfbundle; includeInIndex = 0; path = "Note AppTests.xctest"; sourceTree = BUILT_PRODUCTS_DIR; };
		9ECE28021C53B68200D7A9F7 /* Note_AppTests.swift */ = {isa = PBXFileReference; lastKnownFileType = sourcecode.swift; path = Note_AppTests.swift; sourceTree = "<group>"; };
		9ECE28041C53B68200D7A9F7 /* Info.plist */ = {isa = PBXFileReference; lastKnownFileType = text.plist.xml; path = Info.plist; sourceTree = "<group>"; };
/* End PBXFileReference section */

/* Begin PBXFrameworksBuildPhase section */
		9ECE27E51C53B68200D7A9F7 /* Frameworks */ = {
			isa = PBXFrameworksBuildPhase;
			buildActionMask = 2147483647;
			files = (
			);
			runOnlyForDeploymentPostprocessing = 0;
		};
		9ECE27FB1C53B68200D7A9F7 /* Frameworks */ = {
			isa = PBXFrameworksBuildPhase;
			buildActionMask = 2147483647;
			files = (
			);
			runOnlyForDeploymentPostprocessing = 0;
		};
/* End PBXFrameworksBuildPhase section */

/* Begin PBXGroup section */
		9ECE27DF1C53B68200D7A9F7 = {
			isa = PBXGroup;
			children = (
				9ECE27EA1C53B68200D7A9F7 /* Note App */,
				9ECE28011C53B68200D7A9F7 /* Note AppTests */,
				9ECE27E91C53B68200D7A9F7 /* Products */,
			);
			sourceTree = "<group>";
		};
		9ECE27E91C53B68200D7A9F7 /* Products */ = {
			isa = PBXGroup;
			children = (
				9ECE27E81C53B68200D7A9F7 /* Note App.app */,
				9ECE27FE1C53B68200D7A9F7 /* Note AppTests.xctest */,
			);
			name = Products;
			sourceTree = "<group>";
		};
		9ECE27EA1C53B68200D7A9F7 /* Note App */ = {
			isa = PBXGroup;
			children = (
				9ECE27EB1C53B68200D7A9F7 /* AppDelegate.swift */,
				9ECE27ED1C53B68200D7A9F7 /* MasterViewController.swift */,
				9ECE27EF1C53B68200D7A9F7 /* DetailViewController.swift */,
				9ECE27F11C53B68200D7A9F7 /* Main.storyboard */,
				9ECE27F41C53B68200D7A9F7 /* Assets.xcassets */,
				9ECE27F61C53B68200D7A9F7 /* LaunchScreen.storyboard */,
				9ECE27F91C53B68200D7A9F7 /* Info.plist */,
			);
			path = "Note App";
			sourceTree = "<group>";
		};
		9ECE28011C53B68200D7A9F7 /* Note AppTests */ = {
			isa = PBXGroup;
			children = (
				9ECE28021C53B68200D7A9F7 /* Note_AppTests.swift */,
				9ECE28041C53B68200D7A9F7 /* Info.plist */,
			);
			path = "Note AppTests";
			sourceTree = "<group>";
		};
/* End PBXGroup section */

/* Begin PBXNativeTarget section */
		9ECE27E71C53B68200D7A9F7 /* Note App */ = {
			isa = PBXNativeTarget;
			buildConfigurationList = 9ECE28071C53B68200D7A9F7 /* Build configuration list for PBXNativeTarget "Note App" */;
			buildPhases = (
				9ECE27E41C53B68200D7A9F7 /* Sources */,
				9ECE27E51C53B68200D7A9F7 /* Frameworks */,
				9ECE27E61C53B68200D7A9F7 /* Resources */,
			);
			buildRules = (
			);
			dependencies = (
			);
			name = "Note App";
			productName = "Note App";
			productReference = 9ECE27E81C53B68200D7A9F7 /* Note App.app */;
			productType = "com.apple.product-type.application";
		};
		9ECE27FD1C53B68200D7A9F7 /* Note AppTests */ = {
			isa = PBXNativeTarget;
			buildConfigurationList = 9ECE280A1C53B68200D7A9F7 /* Build configuration list for PBXNativeTarget "Note AppTests" */;
			buildPhases = (
				9ECE27FA1C53B68200D7A9F7 /* Sources */,
				9ECE27FB1C53B68200D7A9F7 /* Frameworks */,
				9ECE27FC1C53B68200D7A9F7 /* Resources */,
			);
			buildRules = (
			);
			dependencies = (
				9ECE28001C53B68200D7A9F7 /* PBXTargetDependency */,
			);
			name = "Note AppTests";
			productName = "Note AppTests";
			productReference = 9ECE27FE1C53B68200D7A9F7 /* Note AppTests.xctest */;
			productType = "com.apple.product-type.bundle.unit-test";
		};
/* End PBXNativeTarget section */

/* Begin PBXProject section */
		9ECE27E01C53B68200D7A9F7 /* Project object */ = {
			isa = PBXProject;
			attributes = {
				LastSwiftUpdateCheck = 0720;
				LastUpgradeCheck = 0720;
				ORGANIZATIONNAME = "Sascha Luna";
				TargetAttributes = {
					9ECE27E71C53B68200D7A9F7 = {
						CreatedOnToolsVersion = 7.2;
						DevelopmentTeam = 8KU532725H;
					};
					9ECE27FD1C53B68200D7A9F7 = {
						CreatedOnToolsVersion = 7.2;
						DevelopmentTeam = 8KU532725H;
						TestTargetID = 9ECE27E71C53B68200D7A9F7;
					};
				};
			};
			buildConfigurationList = 9ECE27E31C53B68200D7A9F7 /* Build configuration list for PBXProject "Note App" */;
			compatibilityVersion = "Xcode 3.2";
			developmentRegion = English;
			hasScannedForEncodings = 0;
			knownRegions = (
				en,
				Base,
			);
			mainGroup = 9ECE27DF1C53B68200D7A9F7;
			productRefGroup = 9ECE27E91C53B68200D7A9F7 /* Products */;
			projectDirPath = "";
			projectRoot = "";
			targets = (
				9ECE27E71C53B68200D7A9F7 /* Note App */,
				9ECE27FD1C53B68200D7A9F7 /* Note AppTests */,
			);
		};
/* End PBXProject section */

/* Begin PBXResourcesBuildPhase section */
		9ECE27E61C53B68200D7A9F7 /* Resources */ = {
			isa = PBXResourcesBuildPhase;
			buildActionMask = 2147483647;
			files = (
				9ECE27F81C53B68200D7A9F7 /* LaunchScreen.storyboard in Resources */,
				9ECE27F51C53B68200D7A9F7 /* Assets.xcassets in Resources */,
				9ECE27F31C53B68200D7A9F7 /* Main.storyboard in Resources */,
			);
			runOnlyForDeploymentPostprocessing = 0;
		};
		9ECE27FC1C53B68200D7A9F7 /* Resources */ = {
			isa = PBXResourcesBuildPhase;
			buildActionMask = 2147483647;
			files = (
			);
			runOnlyForDeploymentPostprocessing = 0;
		};
/* End PBXResourcesBuildPhase section */

/* Begin PBXSourcesBuildPhase section */
		9ECE27E41C53B68200D7A9F7 /* Sources */ = {
			isa = PBXSourcesBuildPhase;
			buildActionMask = 2147483647;
			files = (
				9ECE27F01C53B68200D7A9F7 /* DetailViewController.swift in Sources */,
				9ECE27EE1C53B68200D7A9F7 /* MasterViewController.swift in Sources */,
				9ECE27EC1C53B68200D7A9F7 /* AppDelegate.swift in Sources */,
			);
			runOnlyForDeploymentPostprocessing = 0;
		};
		9ECE27FA1C53B68200D7A9F7 /* Sources */ = {
			isa = PBXSourcesBuildPhase;
			buildActionMask = 2147483647;
			files = (
				9ECE28031C53B68200D7A9F7 /* Note_AppTests.swift in Sources */,
			);
			runOnlyForDeploymentPostprocessing = 0;
		};
/* End PBXSourcesBuildPhase section */

/* Begin PBXTargetDependency section */
		9ECE28001C53B68200D7A9F7 /* PBXTargetDependency */ = {
			isa = PBXTargetDependency;
			target = 9ECE27E71C53B68200D7A9F7 /* Note App */;
			targetProxy = 9ECE27FF1C53B68200D7A9F7 /* PBXContainerItemProxy */;
		};
/* End PBXTargetDependency section */

/* Begin PBXVariantGroup section */
		9ECE27F11C53B68200D7A9F7 /* Main.storyboard */ = {
			isa = PBXVariantGroup;
			children = (
				9ECE27F21C53B68200D7A9F7 /* Base */,
			);
			name = Main.storyboard;
			sourceTree = "<group>";
		};
		9ECE27F61C53B68200D7A9F7 /* LaunchScreen.storyboard */ = {
			isa = PBXVariantGroup;
			children = (
				9ECE27F71C53B68200D7A9F7 /* Base */,
			);
			name = LaunchScreen.storyboard;
			sourceTree = "<group>";
		};
/* End PBXVariantGroup section */

/* Begin XCBuildConfiguration section */
		9ECE28051C53B68200D7A9F7 /* Debug */ = {
			isa = XCBuildConfiguration;
			buildSettings = {
				ALWAYS_SEARCH_USER_PATHS = NO;
				CLANG_CXX_LANGUAGE_STANDARD = "gnu++0x";
				CLANG_CXX_LIBRARY = "libc++";
				CLANG_ENABLE_MODULES = YES;
				CLANG_ENABLE_OBJC_ARC = YES;
				CLANG_WARN_BOOL_CONVERSION = YES;
				CLANG_WARN_CONSTANT_CONVERSION = YES;
				CLANG_WARN_DIRECT_OBJC_ISA_USAGE = YES_ERROR;
				CLANG_WARN_EMPTY_BODY = YES;
				CLANG_WARN_ENUM_CONVERSION = YES;
				CLANG_WARN_INT_CONVERSION = YES;
				CLANG_WARN_OBJC_ROOT_CLASS = YES_ERROR;
				CLANG_WARN_UNREACHABLE_CODE = YES;
				CLANG_WARN__DUPLICATE_METHOD_MATCH = YES;
				"CODE_SIGN_IDENTITY[sdk=iphoneos*]" = "iPhone Developer";
				COPY_PHASE_STRIP = NO;
				DEBUG_INFORMATION_FORMAT = dwarf;
				ENABLE_STRICT_OBJC_MSGSEND = YES;
				ENABLE_TESTABILITY = YES;
				GCC_C_LANGUAGE_STANDARD = gnu99;
				GCC_DYNAMIC_NO_PIC = NO;
				GCC_NO_COMMON_BLOCKS = YES;
				GCC_OPTIMIZATION_LEVEL = 0;
				GCC_PREPROCESSOR_DEFINITIONS = (
					"DEBUG=1",
					"$(inherited)",
				);
				GCC_WARN_64_TO_32_BIT_CONVERSION = YES;
				GCC_WARN_ABOUT_RETURN_TYPE = YES_ERROR;
				GCC_WARN_UNDECLARED_SELECTOR = YES;
				GCC_WARN_UNINITIALIZED_AUTOS = YES_AGGRESSIVE;
				GCC_WARN_UNUSED_FUNCTION = YES;
				GCC_WARN_UNUSED_VARIABLE = YES;
				IPHONEOS_DEPLOYMENT_TARGET = 9.2;
				MTL_ENABLE_DEBUG_INFO = YES;
				ONLY_ACTIVE_ARCH = YES;
				SDKROOT = iphoneos;
				SWIFT_OPTIMIZATION_LEVEL = "-Onone";
			};
			name = Debug;
		};
		9ECE28061C53B68200D7A9F7 /* Release */ = {
			isa = XCBuildConfiguration;
			buildSettings = {
				ALWAYS_SEARCH_USER_PATHS = NO;
				CLANG_CXX_LANGUAGE_STANDARD = "gnu++0x";
				CLANG_CXX_LIBRARY = "libc++";
				CLANG_ENABLE_MODULES = YES;
				CLANG_ENABLE_OBJC_ARC = YES;
				CLANG_WARN_BOOL_CONVERSION = YES;
				CLANG_WARN_CONSTANT_CONVERSION = YES;
				CLANG_WARN_DIRECT_OBJC_ISA_USAGE = YES_ERROR;
				CLANG_WARN_EMPTY_BODY = YES;
				CLANG_WARN_ENUM_CONVERSION = YES;
				CLANG_WARN_INT_CONVERSION = YES;
				CLANG_WARN_OBJC_ROOT_CLASS = YES_ERROR;
				CLANG_WARN_UNREACHABLE_CODE = YES;
				CLANG_WARN__DUPLICATE_METHOD_MATCH = YES;
				"CODE_SIGN_IDENTITY[sdk=iphoneos*]" = "iPhone Developer";
				COPY_PHASE_STRIP = NO;
				DEBUG_INFORMATION_FORMAT = "dwarf-with-dsym";
				ENABLE_NS_ASSERTIONS = NO;
				ENABLE_STRICT_OBJC_MSGSEND = YES;
				GCC_C_LANGUAGE_STANDARD = gnu99;
				GCC_NO_COMMON_BLOCKS = YES;
				GCC_WARN_64_TO_32_BIT_CONVERSION = YES;
				GCC_WARN_ABOUT_RETURN_TYPE = YES_ERROR;
				GCC_WARN_UNDECLARED_SELECTOR = YES;
				GCC_WARN_UNINITIALIZED_AUTOS = YES_AGGRESSIVE;
				GCC_WARN_UNUSED_FUNCTION = YES;
				GCC_WARN_UNUSED_VARIABLE = YES;
				IPHONEOS_DEPLOYMENT_TARGET = 9.2;
				MTL_ENABLE_DEBUG_INFO = NO;
				SDKROOT = iphoneos;
				VALIDATE_PRODUCT = YES;
			};
			name = Release;
		};
		9ECE28081C53B68200D7A9F7 /* Debug */ = {
			isa = XCBuildConfiguration;
			buildSettings = {
				ASSETCATALOG_COMPILER_APPICON_NAME = AppIcon;
				INFOPLIST_FILE = "Note App/Info.plist";
				LD_RUNPATH_SEARCH_PATHS = "$(inherited) @executable_path/Frameworks";
				PRODUCT_BUNDLE_IDENTIFIER = "com.luna.Note-App";
				PRODUCT_NAME = "$(TARGET_NAME)";
			};
			name = Debug;
		};
		9ECE28091C53B68200D7A9F7 /* Release */ = {
			isa = XCBuildConfiguration;
			buildSettings = {
				ASSETCATALOG_COMPILER_APPICON_NAME = AppIcon;
				INFOPLIST_FILE = "Note App/Info.plist";
				LD_RUNPATH_SEARCH_PATHS = "$(inherited) @executable_path/Frameworks";
				PRODUCT_BUNDLE_IDENTIFIER = "com.luna.Note-App";
				PRODUCT_NAME = "$(TARGET_NAME)";
			};
			name = Release;
		};
		9ECE280B1C53B68200D7A9F7 /* Debug */ = {
			isa = XCBuildConfiguration;
			buildSettings = {
				BUNDLE_LOADER = "$(TEST_HOST)";
				INFOPLIST_FILE = "Note AppTests/Info.plist";
				LD_RUNPATH_SEARCH_PATHS = "$(inherited) @executable_path/Frameworks @loader_path/Frameworks";
				PRODUCT_BUNDLE_IDENTIFIER = "com.luna.Note-AppTests";
				PRODUCT_NAME = "$(TARGET_NAME)";
				TEST_HOST = "$(BUILT_PRODUCTS_DIR)/Note App.app/Note App";
			};
			name = Debug;
		};
		9ECE280C1C53B68200D7A9F7 /* Release */ = {
			isa = XCBuildConfiguration;
			buildSettings = {
				BUNDLE_LOADER = "$(TEST_HOST)";
				INFOPLIST_FILE = "Note AppTests/Info.plist";
				LD_RUNPATH_SEARCH_PATHS = "$(inherited) @executable_path/Frameworks @loader_path/Frameworks";
				PRODUCT_BUNDLE_IDENTIFIER = "com.luna.Note-AppTests";
				PRODUCT_NAME = "$(TARGET_NAME)";
				TEST_HOST = "$(BUILT_PRODUCTS_DIR)/Note App.app/Note App";
			};
			name = Release;
		};
/* End XCBuildConfiguration section */

/* Begin XCConfigurationList section */
		9ECE27E31C53B68200D7A9F7 /* Build configuration list for PBXProject "Note App" */ = {
			isa = XCConfigurationList;
			buildConfigurations = (
				9ECE28051C53B68200D7A9F7 /* Debug */,
				9ECE28061C53B68200D7A9F7 /* Release */,
			);
			defaultConfigurationIsVisible = 0;
			defaultConfigurationName = Release;
		};
		9ECE28071C53B68200D7A9F7 /* Build configuration list for PBXNativeTarget "Note App" */ = {
			isa = XCConfigurationList;
			buildConfigurations = (
				9ECE28081C53B68200D7A9F7 /* Debug */,
				9ECE28091C53B68200D7A9F7 /* Release */,
			);
			defaultConfigurationIsVisible = 0;
		};
		9ECE280A1C53B68200D7A9F7 /* Build configuration list for PBXNativeTarget "Note AppTests" */ = {
			isa = XCConfigurationList;
			buildConfigurations = (
				9ECE280B1C53B68200D7A9F7 /* Debug */,
				9ECE280C1C53B68200D7A9F7 /* Release */,
			);
			defaultConfigurationIsVisible = 0;
		};
/* End XCConfigurationList section */
	};
	rootObject = 9ECE27E01C53B68200D7A9F7 /* Project object */;
}
