// !$*UTF8*$!
{
	archiveVersion = 1;
	classes = {
	};
	objectVersion = 46;
	objects = {

/* Begin PBXBuildFile section */
		9EFBC0711BE800A700CD02D5 /* AppDelegate.swift in Sources */ = {isa = PBXBuildFile; fileRef = 9EFBC0701BE800A700CD02D5 /* AppDelegate.swift */; };
		9EFBC0731BE800A700CD02D5 /* ViewController.swift in Sources */ = {isa = PBXBuildFile; fileRef = 9EFBC0721BE800A700CD02D5 /* ViewController.swift */; };
		9EFBC0761BE800A800CD02D5 /* Main.storyboard in Resources */ = {isa = PBXBuildFile; fileRef = 9EFBC0741BE800A800CD02D5 /* Main.storyboard */; };
		9EFBC0781BE800A800CD02D5 /* Assets.xcassets in Resources */ = {isa = PBXBuildFile; fileRef = 9EFBC0771BE800A800CD02D5 /* Assets.xcassets */; };
		9EFBC07B1BE800A800CD02D5 /* LaunchScreen.storyboard in Resources */ = {isa = PBXBuildFile; fileRef = 9EFBC0791BE800A800CD02D5 /* LaunchScreen.storyboard */; };
		9EFBC0861BE800A800CD02D5 /* JesusOneTests.swift in Sources */ = {isa = PBXBuildFile; fileRef = 9EFBC0851BE800A800CD02D5 /* JesusOneTests.swift */; };
		9EFBC0911BE800A800CD02D5 /* JesusOneUITests.swift in Sources */ = {isa = PBXBuildFile; fileRef = 9EFBC0901BE800A800CD02D5 /* JesusOneUITests.swift */; };
/* End PBXBuildFile section */

/* Begin PBXContainerItemProxy section */
		9EFBC0821BE800A800CD02D5 /* PBXContainerItemProxy */ = {
			isa = PBXContainerItemProxy;
			containerPortal = 9EFBC0651BE800A700CD02D5 /* Project object */;
			proxyType = 1;
			remoteGlobalIDString = 9EFBC06C1BE800A700CD02D5;
			remoteInfo = JesusOne;
		};
		9EFBC08D1BE800A800CD02D5 /* PBXContainerItemProxy */ = {
			isa = PBXContainerItemProxy;
			containerPortal = 9EFBC0651BE800A700CD02D5 /* Project object */;
			proxyType = 1;
			remoteGlobalIDString = 9EFBC06C1BE800A700CD02D5;
			remoteInfo = JesusOne;
		};
/* End PBXContainerItemProxy section */

/* Begin PBXFileReference section */
		9EFBC06D1BE800A700CD02D5 /* JesusOne.app */ = {isa = PBXFileReference; explicitFileType = wrapper.application; includeInIndex = 0; path = JesusOne.app; sourceTree = BUILT_PRODUCTS_DIR; };
		9EFBC0701BE800A700CD02D5 /* AppDelegate.swift */ = {isa = PBXFileReference; lastKnownFileType = sourcecode.swift; path = AppDelegate.swift; sourceTree = "<group>"; };
		9EFBC0721BE800A700CD02D5 /* ViewController.swift */ = {isa = PBXFileReference; lastKnownFileType = sourcecode.swift; path = ViewController.swift; sourceTree = "<group>"; };
		9EFBC0751BE800A800CD02D5 /* Base */ = {isa = PBXFileReference; lastKnownFileType = file.storyboard; name = Base; path = Base.lproj/Main.storyboard; sourceTree = "<group>"; };
		9EFBC0771BE800A800CD02D5 /* Assets.xcassets */ = {isa = PBXFileReference; lastKnownFileType = folder.assetcatalog; path = Assets.xcassets; sourceTree = "<group>"; };
		9EFBC07A1BE800A800CD02D5 /* Base */ = {isa = PBXFileReference; lastKnownFileType = file.storyboard; name = Base; path = Base.lproj/LaunchScreen.storyboard; sourceTree = "<group>"; };
		9EFBC07C1BE800A800CD02D5 /* Info.plist */ = {isa = PBXFileReference; lastKnownFileType = text.plist.xml; path = Info.plist; sourceTree = "<group>"; };
		9EFBC0811BE800A800CD02D5 /* JesusOneTests.xctest */ = {isa = PBXFileReference; explicitFileType = wrapper.cfbundle; includeInIndex = 0; path = JesusOneTests.xctest; sourceTree = BUILT_PRODUCTS_DIR; };
		9EFBC0851BE800A800CD02D5 /* JesusOneTests.swift */ = {isa = PBXFileReference; lastKnownFileType = sourcecode.swift; path = JesusOneTests.swift; sourceTree = "<group>"; };
		9EFBC0871BE800A800CD02D5 /* Info.plist */ = {isa = PBXFileReference; lastKnownFileType = text.plist.xml; path = Info.plist; sourceTree = "<group>"; };
		9EFBC08C1BE800A800CD02D5 /* JesusOneUITests.xctest */ = {isa = PBXFileReference; explicitFileType = wrapper.cfbundle; includeInIndex = 0; path = JesusOneUITests.xctest; sourceTree = BUILT_PRODUCTS_DIR; };
		9EFBC0901BE800A800CD02D5 /* JesusOneUITests.swift */ = {isa = PBXFileReference; lastKnownFileType = sourcecode.swift; path = JesusOneUITests.swift; sourceTree = "<group>"; };
		9EFBC0921BE800A800CD02D5 /* Info.plist */ = {isa = PBXFileReference; lastKnownFileType = text.plist.xml; path = Info.plist; sourceTree = "<group>"; };
/* End PBXFileReference section */

/* Begin PBXFrameworksBuildPhase section */
		9EFBC06A1BE800A700CD02D5 /* Frameworks */ = {
			isa = PBXFrameworksBuildPhase;
			buildActionMask = 2147483647;
			files = (
			);
			runOnlyForDeploymentPostprocessing = 0;
		};
		9EFBC07E1BE800A800CD02D5 /* Frameworks */ = {
			isa = PBXFrameworksBuildPhase;
			buildActionMask = 2147483647;
			files = (
			);
			runOnlyForDeploymentPostprocessing = 0;
		};
		9EFBC0891BE800A800CD02D5 /* Frameworks */ = {
			isa = PBXFrameworksBuildPhase;
			buildActionMask = 2147483647;
			files = (
			);
			runOnlyForDeploymentPostprocessing = 0;
		};
/* End PBXFrameworksBuildPhase section */

/* Begin PBXGroup section */
		9EFBC0641BE800A700CD02D5 = {
			isa = PBXGroup;
			children = (
				9EFBC06F1BE800A700CD02D5 /* JesusOne */,
				9EFBC0841BE800A800CD02D5 /* JesusOneTests */,
				9EFBC08F1BE800A800CD02D5 /* JesusOneUITests */,
				9EFBC06E1BE800A700CD02D5 /* Products */,
			);
			sourceTree = "<group>";
		};
		9EFBC06E1BE800A700CD02D5 /* Products */ = {
			isa = PBXGroup;
			children = (
				9EFBC06D1BE800A700CD02D5 /* JesusOne.app */,
				9EFBC0811BE800A800CD02D5 /* JesusOneTests.xctest */,
				9EFBC08C1BE800A800CD02D5 /* JesusOneUITests.xctest */,
			);
			name = Products;
			sourceTree = "<group>";
		};
		9EFBC06F1BE800A700CD02D5 /* JesusOne */ = {
			isa = PBXGroup;
			children = (
				9EFBC0701BE800A700CD02D5 /* AppDelegate.swift */,
				9EFBC0721BE800A700CD02D5 /* ViewController.swift */,
				9EFBC0741BE800A800CD02D5 /* Main.storyboard */,
				9EFBC0771BE800A800CD02D5 /* Assets.xcassets */,
				9EFBC0791BE800A800CD02D5 /* LaunchScreen.storyboard */,
				9EFBC07C1BE800A800CD02D5 /* Info.plist */,
			);
			path = JesusOne;
			sourceTree = "<group>";
		};
		9EFBC0841BE800A800CD02D5 /* JesusOneTests */ = {
			isa = PBXGroup;
			children = (
				9EFBC0851BE800A800CD02D5 /* JesusOneTests.swift */,
				9EFBC0871BE800A800CD02D5 /* Info.plist */,
			);
			path = JesusOneTests;
			sourceTree = "<group>";
		};
		9EFBC08F1BE800A800CD02D5 /* JesusOneUITests */ = {
			isa = PBXGroup;
			children = (
				9EFBC0901BE800A800CD02D5 /* JesusOneUITests.swift */,
				9EFBC0921BE800A800CD02D5 /* Info.plist */,
			);
			path = JesusOneUITests;
			sourceTree = "<group>";
		};
/* End PBXGroup section */

/* Begin PBXNativeTarget section */
		9EFBC06C1BE800A700CD02D5 /* JesusOne */ = {
			isa = PBXNativeTarget;
			buildConfigurationList = 9EFBC0951BE800A800CD02D5 /* Build configuration list for PBXNativeTarget "JesusOne" */;
			buildPhases = (
				9EFBC0691BE800A700CD02D5 /* Sources */,
				9EFBC06A1BE800A700CD02D5 /* Frameworks */,
				9EFBC06B1BE800A700CD02D5 /* Resources */,
			);
			buildRules = (
			);
			dependencies = (
			);
			name = JesusOne;
			productName = JesusOne;
			productReference = 9EFBC06D1BE800A700CD02D5 /* JesusOne.app */;
			productType = "com.apple.product-type.application";
		};
		9EFBC0801BE800A800CD02D5 /* JesusOneTests */ = {
			isa = PBXNativeTarget;
			buildConfigurationList = 9EFBC0981BE800A800CD02D5 /* Build configuration list for PBXNativeTarget "JesusOneTests" */;
			buildPhases = (
				9EFBC07D1BE800A800CD02D5 /* Sources */,
				9EFBC07E1BE800A800CD02D5 /* Frameworks */,
				9EFBC07F1BE800A800CD02D5 /* Resources */,
			);
			buildRules = (
			);
			dependencies = (
				9EFBC0831BE800A800CD02D5 /* PBXTargetDependency */,
			);
			name = JesusOneTests;
			productName = JesusOneTests;
			productReference = 9EFBC0811BE800A800CD02D5 /* JesusOneTests.xctest */;
			productType = "com.apple.product-type.bundle.unit-test";
		};
		9EFBC08B1BE800A800CD02D5 /* JesusOneUITests */ = {
			isa = PBXNativeTarget;
			buildConfigurationList = 9EFBC09B1BE800A800CD02D5 /* Build configuration list for PBXNativeTarget "JesusOneUITests" */;
			buildPhases = (
				9EFBC0881BE800A800CD02D5 /* Sources */,
				9EFBC0891BE800A800CD02D5 /* Frameworks */,
				9EFBC08A1BE800A800CD02D5 /* Resources */,
			);
			buildRules = (
			);
			dependencies = (
				9EFBC08E1BE800A800CD02D5 /* PBXTargetDependency */,
			);
			name = JesusOneUITests;
			productName = JesusOneUITests;
			productReference = 9EFBC08C1BE800A800CD02D5 /* JesusOneUITests.xctest */;
			productType = "com.apple.product-type.bundle.ui-testing";
		};
/* End PBXNativeTarget section */

/* Begin PBXProject section */
		9EFBC0651BE800A700CD02D5 /* Project object */ = {
			isa = PBXProject;
			attributes = {
				LastSwiftUpdateCheck = 0710;
				LastUpgradeCheck = 0710;
				ORGANIZATIONNAME = "Sascha Alexander";
				TargetAttributes = {
					9EFBC06C1BE800A700CD02D5 = {
						CreatedOnToolsVersion = 7.1;
						DevelopmentTeam = QQ82H6G7P2;
					};
					9EFBC0801BE800A800CD02D5 = {
						CreatedOnToolsVersion = 7.1;
						DevelopmentTeam = QQ82H6G7P2;
						TestTargetID = 9EFBC06C1BE800A700CD02D5;
					};
					9EFBC08B1BE800A800CD02D5 = {
						CreatedOnToolsVersion = 7.1;
						DevelopmentTeam = QQ82H6G7P2;
						TestTargetID = 9EFBC06C1BE800A700CD02D5;
					};
				};
			};
			buildConfigurationList = 9EFBC0681BE800A700CD02D5 /* Build configuration list for PBXProject "JesusOne" */;
			compatibilityVersion = "Xcode 3.2";
			developmentRegion = English;
			hasScannedForEncodings = 0;
			knownRegions = (
				en,
				Base,
			);
			mainGroup = 9EFBC0641BE800A700CD02D5;
			productRefGroup = 9EFBC06E1BE800A700CD02D5 /* Products */;
			projectDirPath = "";
			projectRoot = "";
			targets = (
				9EFBC06C1BE800A700CD02D5 /* JesusOne */,
				9EFBC0801BE800A800CD02D5 /* JesusOneTests */,
				9EFBC08B1BE800A800CD02D5 /* JesusOneUITests */,
			);
		};
/* End PBXProject section */

/* Begin PBXResourcesBuildPhase section */
		9EFBC06B1BE800A700CD02D5 /* Resources */ = {
			isa = PBXResourcesBuildPhase;
			buildActionMask = 2147483647;
			files = (
				9EFBC07B1BE800A800CD02D5 /* LaunchScreen.storyboard in Resources */,
				9EFBC0781BE800A800CD02D5 /* Assets.xcassets in Resources */,
				9EFBC0761BE800A800CD02D5 /* Main.storyboard in Resources */,
			);
			runOnlyForDeploymentPostprocessing = 0;
		};
		9EFBC07F1BE800A800CD02D5 /* Resources */ = {
			isa = PBXResourcesBuildPhase;
			buildActionMask = 2147483647;
			files = (
			);
			runOnlyForDeploymentPostprocessing = 0;
		};
		9EFBC08A1BE800A800CD02D5 /* Resources */ = {
			isa = PBXResourcesBuildPhase;
			buildActionMask = 2147483647;
			files = (
			);
			runOnlyForDeploymentPostprocessing = 0;
		};
/* End PBXResourcesBuildPhase section */

/* Begin PBXSourcesBuildPhase section */
		9EFBC0691BE800A700CD02D5 /* Sources */ = {
			isa = PBXSourcesBuildPhase;
			buildActionMask = 2147483647;
			files = (
				9EFBC0731BE800A700CD02D5 /* ViewController.swift in Sources */,
				9EFBC0711BE800A700CD02D5 /* AppDelegate.swift in Sources */,
			);
			runOnlyForDeploymentPostprocessing = 0;
		};
		9EFBC07D1BE800A800CD02D5 /* Sources */ = {
			isa = PBXSourcesBuildPhase;
			buildActionMask = 2147483647;
			files = (
				9EFBC0861BE800A800CD02D5 /* JesusOneTests.swift in Sources */,
			);
			runOnlyForDeploymentPostprocessing = 0;
		};
		9EFBC0881BE800A800CD02D5 /* Sources */ = {
			isa = PBXSourcesBuildPhase;
			buildActionMask = 2147483647;
			files = (
				9EFBC0911BE800A800CD02D5 /* JesusOneUITests.swift in Sources */,
			);
			runOnlyForDeploymentPostprocessing = 0;
		};
/* End PBXSourcesBuildPhase section */

/* Begin PBXTargetDependency section */
		9EFBC0831BE800A800CD02D5 /* PBXTargetDependency */ = {
			isa = PBXTargetDependency;
			target = 9EFBC06C1BE800A700CD02D5 /* JesusOne */;
			targetProxy = 9EFBC0821BE800A800CD02D5 /* PBXContainerItemProxy */;
		};
		9EFBC08E1BE800A800CD02D5 /* PBXTargetDependency */ = {
			isa = PBXTargetDependency;
			target = 9EFBC06C1BE800A700CD02D5 /* JesusOne */;
			targetProxy = 9EFBC08D1BE800A800CD02D5 /* PBXContainerItemProxy */;
		};
/* End PBXTargetDependency section */

/* Begin PBXVariantGroup section */
		9EFBC0741BE800A800CD02D5 /* Main.storyboard */ = {
			isa = PBXVariantGroup;
			children = (
				9EFBC0751BE800A800CD02D5 /* Base */,
			);
			name = Main.storyboard;
			sourceTree = "<group>";
		};
		9EFBC0791BE800A800CD02D5 /* LaunchScreen.storyboard */ = {
			isa = PBXVariantGroup;
			children = (
				9EFBC07A1BE800A800CD02D5 /* Base */,
			);
			name = LaunchScreen.storyboard;
			sourceTree = "<group>";
		};
/* End PBXVariantGroup section */

/* Begin XCBuildConfiguration section */
		9EFBC0931BE800A800CD02D5 /* Debug */ = {
			isa = XCBuildConfiguration;
			buildSettings = {
				ALWAYS_SEARCH_USER_PATHS = NO;
				CLANG_CXX_LANGUAGE_STANDARD = "gnu++0x";
				CLANG_CXX_LIBRARY = "libc++";
				CLANG_ENABLE_MODULES = YES;
				CLANG_ENABLE_OBJC_ARC = YES;
				CLANG_WARN_BOOL_CONVERSION = YES;
				CLANG_WARN_CONSTANT_CONVERSION = YES;
				CLANG_WARN_DIRECT_OBJC_ISA_USAGE = YES_ERROR;
				CLANG_WARN_EMPTY_BODY = YES;
				CLANG_WARN_ENUM_CONVERSION = YES;
				CLANG_WARN_INT_CONVERSION = YES;
				CLANG_WARN_OBJC_ROOT_CLASS = YES_ERROR;
				CLANG_WARN_UNREACHABLE_CODE = YES;
				CLANG_WARN__DUPLICATE_METHOD_MATCH = YES;
				"CODE_SIGN_IDENTITY[sdk=iphoneos*]" = "iPhone Developer";
				COPY_PHASE_STRIP = NO;
				DEBUG_INFORMATION_FORMAT = dwarf;
				ENABLE_STRICT_OBJC_MSGSEND = YES;
				ENABLE_TESTABILITY = YES;
				GCC_C_LANGUAGE_STANDARD = gnu99;
				GCC_DYNAMIC_NO_PIC = NO;
				GCC_NO_COMMON_BLOCKS = YES;
				GCC_OPTIMIZATION_LEVEL = 0;
				GCC_PREPROCESSOR_DEFINITIONS = (
					"DEBUG=1",
					"$(inherited)",
				);
				GCC_WARN_64_TO_32_BIT_CONVERSION = YES;
				GCC_WARN_ABOUT_RETURN_TYPE = YES_ERROR;
				GCC_WARN_UNDECLARED_SELECTOR = YES;
				GCC_WARN_UNINITIALIZED_AUTOS = YES_AGGRESSIVE;
				GCC_WARN_UNUSED_FUNCTION = YES;
				GCC_WARN_UNUSED_VARIABLE = YES;
				IPHONEOS_DEPLOYMENT_TARGET = 9.1;
				MTL_ENABLE_DEBUG_INFO = YES;
				ONLY_ACTIVE_ARCH = YES;
				SDKROOT = iphoneos;
				SWIFT_OPTIMIZATION_LEVEL = "-Onone";
				TARGETED_DEVICE_FAMILY = "1,2";
			};
			name = Debug;
		};
		9EFBC0941BE800A800CD02D5 /* Release */ = {
			isa = XCBuildConfiguration;
			buildSettings = {
				ALWAYS_SEARCH_USER_PATHS = NO;
				CLANG_CXX_LANGUAGE_STANDARD = "gnu++0x";
				CLANG_CXX_LIBRARY = "libc++";
				CLANG_ENABLE_MODULES = YES;
				CLANG_ENABLE_OBJC_ARC = YES;
				CLANG_WARN_BOOL_CONVERSION = YES;
				CLANG_WARN_CONSTANT_CONVERSION = YES;
				CLANG_WARN_DIRECT_OBJC_ISA_USAGE = YES_ERROR;
				CLANG_WARN_EMPTY_BODY = YES;
				CLANG_WARN_ENUM_CONVERSION = YES;
				CLANG_WARN_INT_CONVERSION = YES;
				CLANG_WARN_OBJC_ROOT_CLASS = YES_ERROR;
				CLANG_WARN_UNREACHABLE_CODE = YES;
				CLANG_WARN__DUPLICATE_METHOD_MATCH = YES;
				"CODE_SIGN_IDENTITY[sdk=iphoneos*]" = "iPhone Developer";
				COPY_PHASE_STRIP = NO;
				DEBUG_INFORMATION_FORMAT = "dwarf-with-dsym";
				ENABLE_NS_ASSERTIONS = NO;
				ENABLE_STRICT_OBJC_MSGSEND = YES;
				GCC_C_LANGUAGE_STANDARD = gnu99;
				GCC_NO_COMMON_BLOCKS = YES;
				GCC_WARN_64_TO_32_BIT_CONVERSION = YES;
				GCC_WARN_ABOUT_RETURN_TYPE = YES_ERROR;
				GCC_WARN_UNDECLARED_SELECTOR = YES;
				GCC_WARN_UNINITIALIZED_AUTOS = YES_AGGRESSIVE;
				GCC_WARN_UNUSED_FUNCTION = YES;
				GCC_WARN_UNUSED_VARIABLE = YES;
				IPHONEOS_DEPLOYMENT_TARGET = 9.1;
				MTL_ENABLE_DEBUG_INFO = NO;
				SDKROOT = iphoneos;
				TARGETED_DEVICE_FAMILY = "1,2";
				VALIDATE_PRODUCT = YES;
			};
			name = Release;
		};
		9EFBC0961BE800A800CD02D5 /* Debug */ = {
			isa = XCBuildConfiguration;
			buildSettings = {
				ASSETCATALOG_COMPILER_APPICON_NAME = AppIcon;
				INFOPLIST_FILE = JesusOne/Info.plist;
				LD_RUNPATH_SEARCH_PATHS = "$(inherited) @executable_path/Frameworks";
				PRODUCT_BUNDLE_IDENTIFIER = co.teachityourself.JesusOne;
				PRODUCT_NAME = "$(TARGET_NAME)";
			};
			name = Debug;
		};
		9EFBC0971BE800A800CD02D5 /* Release */ = {
			isa = XCBuildConfiguration;
			buildSettings = {
				ASSETCATALOG_COMPILER_APPICON_NAME = AppIcon;
				INFOPLIST_FILE = JesusOne/Info.plist;
				LD_RUNPATH_SEARCH_PATHS = "$(inherited) @executable_path/Frameworks";
				PRODUCT_BUNDLE_IDENTIFIER = co.teachityourself.JesusOne;
				PRODUCT_NAME = "$(TARGET_NAME)";
			};
			name = Release;
		};
		9EFBC0991BE800A800CD02D5 /* Debug */ = {
			isa = XCBuildConfiguration;
			buildSettings = {
				BUNDLE_LOADER = "$(TEST_HOST)";
				INFOPLIST_FILE = JesusOneTests/Info.plist;
				LD_RUNPATH_SEARCH_PATHS = "$(inherited) @executable_path/Frameworks @loader_path/Frameworks";
				PRODUCT_BUNDLE_IDENTIFIER = co.teachityourself.JesusOneTests;
				PRODUCT_NAME = "$(TARGET_NAME)";
				TEST_HOST = "$(BUILT_PRODUCTS_DIR)/JesusOne.app/JesusOne";
			};
			name = Debug;
		};
		9EFBC09A1BE800A800CD02D5 /* Release */ = {
			isa = XCBuildConfiguration;
			buildSettings = {
				BUNDLE_LOADER = "$(TEST_HOST)";
				INFOPLIST_FILE = JesusOneTests/Info.plist;
				LD_RUNPATH_SEARCH_PATHS = "$(inherited) @executable_path/Frameworks @loader_path/Frameworks";
				PRODUCT_BUNDLE_IDENTIFIER = co.teachityourself.JesusOneTests;
				PRODUCT_NAME = "$(TARGET_NAME)";
				TEST_HOST = "$(BUILT_PRODUCTS_DIR)/JesusOne.app/JesusOne";
			};
			name = Release;
		};
		9EFBC09C1BE800A800CD02D5 /* Debug */ = {
			isa = XCBuildConfiguration;
			buildSettings = {
				INFOPLIST_FILE = JesusOneUITests/Info.plist;
				LD_RUNPATH_SEARCH_PATHS = "$(inherited) @executable_path/Frameworks @loader_path/Frameworks";
				PRODUCT_BUNDLE_IDENTIFIER = co.teachityourself.JesusOneUITests;
				PRODUCT_NAME = "$(TARGET_NAME)";
				TEST_TARGET_NAME = JesusOne;
				USES_XCTRUNNER = YES;
			};
			name = Debug;
		};
		9EFBC09D1BE800A800CD02D5 /* Release */ = {
			isa = XCBuildConfiguration;
			buildSettings = {
				INFOPLIST_FILE = JesusOneUITests/Info.plist;
				LD_RUNPATH_SEARCH_PATHS = "$(inherited) @executable_path/Frameworks @loader_path/Frameworks";
				PRODUCT_BUNDLE_IDENTIFIER = co.teachityourself.JesusOneUITests;
				PRODUCT_NAME = "$(TARGET_NAME)";
				TEST_TARGET_NAME = JesusOne;
				USES_XCTRUNNER = YES;
			};
			name = Release;
		};
/* End XCBuildConfiguration section */

/* Begin XCConfigurationList section */
		9EFBC0681BE800A700CD02D5 /* Build configuration list for PBXProject "JesusOne" */ = {
			isa = XCConfigurationList;
			buildConfigurations = (
				9EFBC0931BE800A800CD02D5 /* Debug */,
				9EFBC0941BE800A800CD02D5 /* Release */,
			);
			defaultConfigurationIsVisible = 0;
			defaultConfigurationName = Release;
		};
		9EFBC0951BE800A800CD02D5 /* Build configuration list for PBXNativeTarget "JesusOne" */ = {
			isa = XCConfigurationList;
			buildConfigurations = (
				9EFBC0961BE800A800CD02D5 /* Debug */,
				9EFBC0971BE800A800CD02D5 /* Release */,
			);
			defaultConfigurationIsVisible = 0;
			defaultConfigurationName = Release;
		};
		9EFBC0981BE800A800CD02D5 /* Build configuration list for PBXNativeTarget "JesusOneTests" */ = {
			isa = XCConfigurationList;
			buildConfigurations = (
				9EFBC0991BE800A800CD02D5 /* Debug */,
				9EFBC09A1BE800A800CD02D5 /* Release */,
			);
			defaultConfigurationIsVisible = 0;
			defaultConfigurationName = Release;
		};
		9EFBC09B1BE800A800CD02D5 /* Build configuration list for PBXNativeTarget "JesusOneUITests" */ = {
			isa = XCConfigurationList;
			buildConfigurations = (
				9EFBC09C1BE800A800CD02D5 /* Debug */,
				9EFBC09D1BE800A800CD02D5 /* Release */,
			);
			defaultConfigurationIsVisible = 0;
			defaultConfigurationName = Release;
		};
/* End XCConfigurationList section */
	};
	rootObject = 9EFBC0651BE800A700CD02D5 /* Project object */;
}
