// !$*UTF8*$!
{
	archiveVersion = 1;
	classes = {
	};
	objectVersion = 46;
	objects = {

/* Begin PBXBuildFile section */
		9EE8E4621C5187BE00669612 /* AppDelegate.swift in Sources */ = {isa = PBXBuildFile; fileRef = 9EE8E4611C5187BE00669612 /* AppDelegate.swift */; };
		9EE8E4641C5187BE00669612 /* ViewController.swift in Sources */ = {isa = PBXBuildFile; fileRef = 9EE8E4631C5187BE00669612 /* ViewController.swift */; };
		9EE8E4671C5187BE00669612 /* Main.storyboard in Resources */ = {isa = PBXBuildFile; fileRef = 9EE8E4651C5187BE00669612 /* Main.storyboard */; };
		9EE8E4691C5187BE00669612 /* Assets.xcassets in Resources */ = {isa = PBXBuildFile; fileRef = 9EE8E4681C5187BE00669612 /* Assets.xcassets */; };
		9EE8E46C1C5187BE00669612 /* LaunchScreen.storyboard in Resources */ = {isa = PBXBuildFile; fileRef = 9EE8E46A1C5187BE00669612 /* LaunchScreen.storyboard */; };
		9EE8E4771C5187BE00669612 /* BrowserAppTests.swift in Sources */ = {isa = PBXBuildFile; fileRef = 9EE8E4761C5187BE00669612 /* BrowserAppTests.swift */; };
/* End PBXBuildFile section */

/* Begin PBXContainerItemProxy section */
		9EE8E4731C5187BE00669612 /* PBXContainerItemProxy */ = {
			isa = PBXContainerItemProxy;
			containerPortal = 9EE8E4561C5187BD00669612 /* Project object */;
			proxyType = 1;
			remoteGlobalIDString = 9EE8E45D1C5187BE00669612;
			remoteInfo = BrowserApp;
		};
/* End PBXContainerItemProxy section */

/* Begin PBXFileReference section */
		9EE8E45E1C5187BE00669612 /* BrowserApp.app */ = {isa = PBXFileReference; explicitFileType = wrapper.application; includeInIndex = 0; path = BrowserApp.app; sourceTree = BUILT_PRODUCTS_DIR; };
		9EE8E4611C5187BE00669612 /* AppDelegate.swift */ = {isa = PBXFileReference; lastKnownFileType = sourcecode.swift; path = AppDelegate.swift; sourceTree = "<group>"; };
		9EE8E4631C5187BE00669612 /* ViewController.swift */ = {isa = PBXFileReference; lastKnownFileType = sourcecode.swift; path = ViewController.swift; sourceTree = "<group>"; };
		9EE8E4661C5187BE00669612 /* Base */ = {isa = PBXFileReference; lastKnownFileType = file.storyboard; name = Base; path = Base.lproj/Main.storyboard; sourceTree = "<group>"; };
		9EE8E4681C5187BE00669612 /* Assets.xcassets */ = {isa = PBXFileReference; lastKnownFileType = folder.assetcatalog; path = Assets.xcassets; sourceTree = "<group>"; };
		9EE8E46B1C5187BE00669612 /* Base */ = {isa = PBXFileReference; lastKnownFileType = file.storyboard; name = Base; path = Base.lproj/LaunchScreen.storyboard; sourceTree = "<group>"; };
		9EE8E46D1C5187BE00669612 /* Info.plist */ = {isa = PBXFileReference; lastKnownFileType = text.plist.xml; path = Info.plist; sourceTree = "<group>"; };
		9EE8E4721C5187BE00669612 /* BrowserAppTests.xctest */ = {isa = PBXFileReference; explicitFileType = wrapper.cfbundle; includeInIndex = 0; path = BrowserAppTests.xctest; sourceTree = BUILT_PRODUCTS_DIR; };
		9EE8E4761C5187BE00669612 /* BrowserAppTests.swift */ = {isa = PBXFileReference; lastKnownFileType = sourcecode.swift; path = BrowserAppTests.swift; sourceTree = "<group>"; };
		9EE8E4781C5187BE00669612 /* Info.plist */ = {isa = PBXFileReference; lastKnownFileType = text.plist.xml; path = Info.plist; sourceTree = "<group>"; };
/* End PBXFileReference section */

/* Begin PBXFrameworksBuildPhase section */
		9EE8E45B1C5187BE00669612 /* Frameworks */ = {
			isa = PBXFrameworksBuildPhase;
			buildActionMask = 2147483647;
			files = (
			);
			runOnlyForDeploymentPostprocessing = 0;
		};
		9EE8E46F1C5187BE00669612 /* Frameworks */ = {
			isa = PBXFrameworksBuildPhase;
			buildActionMask = 2147483647;
			files = (
			);
			runOnlyForDeploymentPostprocessing = 0;
		};
/* End PBXFrameworksBuildPhase section */

/* Begin PBXGroup section */
		9EE8E4551C5187BD00669612 = {
			isa = PBXGroup;
			children = (
				9EE8E4601C5187BE00669612 /* BrowserApp */,
				9EE8E4751C5187BE00669612 /* BrowserAppTests */,
				9EE8E45F1C5187BE00669612 /* Products */,
			);
			sourceTree = "<group>";
		};
		9EE8E45F1C5187BE00669612 /* Products */ = {
			isa = PBXGroup;
			children = (
				9EE8E45E1C5187BE00669612 /* BrowserApp.app */,
				9EE8E4721C5187BE00669612 /* BrowserAppTests.xctest */,
			);
			name = Products;
			sourceTree = "<group>";
		};
		9EE8E4601C5187BE00669612 /* BrowserApp */ = {
			isa = PBXGroup;
			children = (
				9EE8E4611C5187BE00669612 /* AppDelegate.swift */,
				9EE8E4631C5187BE00669612 /* ViewController.swift */,
				9EE8E4651C5187BE00669612 /* Main.storyboard */,
				9EE8E4681C5187BE00669612 /* Assets.xcassets */,
				9EE8E46A1C5187BE00669612 /* LaunchScreen.storyboard */,
				9EE8E46D1C5187BE00669612 /* Info.plist */,
			);
			path = BrowserApp;
			sourceTree = "<group>";
		};
		9EE8E4751C5187BE00669612 /* BrowserAppTests */ = {
			isa = PBXGroup;
			children = (
				9EE8E4761C5187BE00669612 /* BrowserAppTests.swift */,
				9EE8E4781C5187BE00669612 /* Info.plist */,
			);
			path = BrowserAppTests;
			sourceTree = "<group>";
		};
/* End PBXGroup section */

/* Begin PBXNativeTarget section */
		9EE8E45D1C5187BE00669612 /* BrowserApp */ = {
			isa = PBXNativeTarget;
			buildConfigurationList = 9EE8E47B1C5187BE00669612 /* Build configuration list for PBXNativeTarget "BrowserApp" */;
			buildPhases = (
				9EE8E45A1C5187BE00669612 /* Sources */,
				9EE8E45B1C5187BE00669612 /* Frameworks */,
				9EE8E45C1C5187BE00669612 /* Resources */,
			);
			buildRules = (
			);
			dependencies = (
			);
			name = BrowserApp;
			productName = BrowserApp;
			productReference = 9EE8E45E1C5187BE00669612 /* BrowserApp.app */;
			productType = "com.apple.product-type.application";
		};
		9EE8E4711C5187BE00669612 /* BrowserAppTests */ = {
			isa = PBXNativeTarget;
			buildConfigurationList = 9EE8E47E1C5187BE00669612 /* Build configuration list for PBXNativeTarget "BrowserAppTests" */;
			buildPhases = (
				9EE8E46E1C5187BE00669612 /* Sources */,
				9EE8E46F1C5187BE00669612 /* Frameworks */,
				9EE8E4701C5187BE00669612 /* Resources */,
			);
			buildRules = (
			);
			dependencies = (
				9EE8E4741C5187BE00669612 /* PBXTargetDependency */,
			);
			name = BrowserAppTests;
			productName = BrowserAppTests;
			productReference = 9EE8E4721C5187BE00669612 /* BrowserAppTests.xctest */;
			productType = "com.apple.product-type.bundle.unit-test";
		};
/* End PBXNativeTarget section */

/* Begin PBXProject section */
		9EE8E4561C5187BD00669612 /* Project object */ = {
			isa = PBXProject;
			attributes = {
				LastSwiftUpdateCheck = 0720;
				LastUpgradeCheck = 0720;
				ORGANIZATIONNAME = "Sascha Luna";
				TargetAttributes = {
					9EE8E45D1C5187BE00669612 = {
						CreatedOnToolsVersion = 7.2;
						DevelopmentTeam = 8KU532725H;
					};
					9EE8E4711C5187BE00669612 = {
						CreatedOnToolsVersion = 7.2;
						DevelopmentTeam = 8KU532725H;
						TestTargetID = 9EE8E45D1C5187BE00669612;
					};
				};
			};
			buildConfigurationList = 9EE8E4591C5187BD00669612 /* Build configuration list for PBXProject "BrowserApp" */;
			compatibilityVersion = "Xcode 3.2";
			developmentRegion = English;
			hasScannedForEncodings = 0;
			knownRegions = (
				en,
				Base,
			);
			mainGroup = 9EE8E4551C5187BD00669612;
			productRefGroup = 9EE8E45F1C5187BE00669612 /* Products */;
			projectDirPath = "";
			projectRoot = "";
			targets = (
				9EE8E45D1C5187BE00669612 /* BrowserApp */,
				9EE8E4711C5187BE00669612 /* BrowserAppTests */,
			);
		};
/* End PBXProject section */

/* Begin PBXResourcesBuildPhase section */
		9EE8E45C1C5187BE00669612 /* Resources */ = {
			isa = PBXResourcesBuildPhase;
			buildActionMask = 2147483647;
			files = (
				9EE8E46C1C5187BE00669612 /* LaunchScreen.storyboard in Resources */,
				9EE8E4691C5187BE00669612 /* Assets.xcassets in Resources */,
				9EE8E4671C5187BE00669612 /* Main.storyboard in Resources */,
			);
			runOnlyForDeploymentPostprocessing = 0;
		};
		9EE8E4701C5187BE00669612 /* Resources */ = {
			isa = PBXResourcesBuildPhase;
			buildActionMask = 2147483647;
			files = (
			);
			runOnlyForDeploymentPostprocessing = 0;
		};
/* End PBXResourcesBuildPhase section */

/* Begin PBXSourcesBuildPhase section */
		9EE8E45A1C5187BE00669612 /* Sources */ = {
			isa = PBXSourcesBuildPhase;
			buildActionMask = 2147483647;
			files = (
				9EE8E4641C5187BE00669612 /* ViewController.swift in Sources */,
				9EE8E4621C5187BE00669612 /* AppDelegate.swift in Sources */,
			);
			runOnlyForDeploymentPostprocessing = 0;
		};
		9EE8E46E1C5187BE00669612 /* Sources */ = {
			isa = PBXSourcesBuildPhase;
			buildActionMask = 2147483647;
			files = (
				9EE8E4771C5187BE00669612 /* BrowserAppTests.swift in Sources */,
			);
			runOnlyForDeploymentPostprocessing = 0;
		};
/* End PBXSourcesBuildPhase section */

/* Begin PBXTargetDependency section */
		9EE8E4741C5187BE00669612 /* PBXTargetDependency */ = {
			isa = PBXTargetDependency;
			target = 9EE8E45D1C5187BE00669612 /* BrowserApp */;
			targetProxy = 9EE8E4731C5187BE00669612 /* PBXContainerItemProxy */;
		};
/* End PBXTargetDependency section */

/* Begin PBXVariantGroup section */
		9EE8E4651C5187BE00669612 /* Main.storyboard */ = {
			isa = PBXVariantGroup;
			children = (
				9EE8E4661C5187BE00669612 /* Base */,
			);
			name = Main.storyboard;
			sourceTree = "<group>";
		};
		9EE8E46A1C5187BE00669612 /* LaunchScreen.storyboard */ = {
			isa = PBXVariantGroup;
			children = (
				9EE8E46B1C5187BE00669612 /* Base */,
			);
			name = LaunchScreen.storyboard;
			sourceTree = "<group>";
		};
/* End PBXVariantGroup section */

/* Begin XCBuildConfiguration section */
		9EE8E4791C5187BE00669612 /* Debug */ = {
			isa = XCBuildConfiguration;
			buildSettings = {
				ALWAYS_SEARCH_USER_PATHS = NO;
				CLANG_CXX_LANGUAGE_STANDARD = "gnu++0x";
				CLANG_CXX_LIBRARY = "libc++";
				CLANG_ENABLE_MODULES = YES;
				CLANG_ENABLE_OBJC_ARC = YES;
				CLANG_WARN_BOOL_CONVERSION = YES;
				CLANG_WARN_CONSTANT_CONVERSION = YES;
				CLANG_WARN_DIRECT_OBJC_ISA_USAGE = YES_ERROR;
				CLANG_WARN_EMPTY_BODY = YES;
				CLANG_WARN_ENUM_CONVERSION = YES;
				CLANG_WARN_INT_CONVERSION = YES;
				CLANG_WARN_OBJC_ROOT_CLASS = YES_ERROR;
				CLANG_WARN_UNREACHABLE_CODE = YES;
				CLANG_WARN__DUPLICATE_METHOD_MATCH = YES;
				"CODE_SIGN_IDENTITY[sdk=iphoneos*]" = "iPhone Developer";
				COPY_PHASE_STRIP = NO;
				DEBUG_INFORMATION_FORMAT = dwarf;
				ENABLE_STRICT_OBJC_MSGSEND = YES;
				ENABLE_TESTABILITY = YES;
				GCC_C_LANGUAGE_STANDARD = gnu99;
				GCC_DYNAMIC_NO_PIC = NO;
				GCC_NO_COMMON_BLOCKS = YES;
				GCC_OPTIMIZATION_LEVEL = 0;
				GCC_PREPROCESSOR_DEFINITIONS = (
					"DEBUG=1",
					"$(inherited)",
				);
				GCC_WARN_64_TO_32_BIT_CONVERSION = YES;
				GCC_WARN_ABOUT_RETURN_TYPE = YES_ERROR;
				GCC_WARN_UNDECLARED_SELECTOR = YES;
				GCC_WARN_UNINITIALIZED_AUTOS = YES_AGGRESSIVE;
				GCC_WARN_UNUSED_FUNCTION = YES;
				GCC_WARN_UNUSED_VARIABLE = YES;
				IPHONEOS_DEPLOYMENT_TARGET = 9.2;
				MTL_ENABLE_DEBUG_INFO = YES;
				ONLY_ACTIVE_ARCH = YES;
				SDKROOT = iphoneos;
				SWIFT_OPTIMIZATION_LEVEL = "-Onone";
				TARGETED_DEVICE_FAMILY = "1,2";
			};
			name = Debug;
		};
		9EE8E47A1C5187BE00669612 /* Release */ = {
			isa = XCBuildConfiguration;
			buildSettings = {
				ALWAYS_SEARCH_USER_PATHS = NO;
				CLANG_CXX_LANGUAGE_STANDARD = "gnu++0x";
				CLANG_CXX_LIBRARY = "libc++";
				CLANG_ENABLE_MODULES = YES;
				CLANG_ENABLE_OBJC_ARC = YES;
				CLANG_WARN_BOOL_CONVERSION = YES;
				CLANG_WARN_CONSTANT_CONVERSION = YES;
				CLANG_WARN_DIRECT_OBJC_ISA_USAGE = YES_ERROR;
				CLANG_WARN_EMPTY_BODY = YES;
				CLANG_WARN_ENUM_CONVERSION = YES;
				CLANG_WARN_INT_CONVERSION = YES;
				CLANG_WARN_OBJC_ROOT_CLASS = YES_ERROR;
				CLANG_WARN_UNREACHABLE_CODE = YES;
				CLANG_WARN__DUPLICATE_METHOD_MATCH = YES;
				"CODE_SIGN_IDENTITY[sdk=iphoneos*]" = "iPhone Developer";
				COPY_PHASE_STRIP = NO;
				DEBUG_INFORMATION_FORMAT = "dwarf-with-dsym";
				ENABLE_NS_ASSERTIONS = NO;
				ENABLE_STRICT_OBJC_MSGSEND = YES;
				GCC_C_LANGUAGE_STANDARD = gnu99;
				GCC_NO_COMMON_BLOCKS = YES;
				GCC_WARN_64_TO_32_BIT_CONVERSION = YES;
				GCC_WARN_ABOUT_RETURN_TYPE = YES_ERROR;
				GCC_WARN_UNDECLARED_SELECTOR = YES;
				GCC_WARN_UNINITIALIZED_AUTOS = YES_AGGRESSIVE;
				GCC_WARN_UNUSED_FUNCTION = YES;
				GCC_WARN_UNUSED_VARIABLE = YES;
				IPHONEOS_DEPLOYMENT_TARGET = 9.2;
				MTL_ENABLE_DEBUG_INFO = NO;
				SDKROOT = iphoneos;
				TARGETED_DEVICE_FAMILY = "1,2";
				VALIDATE_PRODUCT = YES;
			};
			name = Release;
		};
		9EE8E47C1C5187BE00669612 /* Debug */ = {
			isa = XCBuildConfiguration;
			buildSettings = {
				ASSETCATALOG_COMPILER_APPICON_NAME = AppIcon;
				INFOPLIST_FILE = BrowserApp/Info.plist;
				LD_RUNPATH_SEARCH_PATHS = "$(inherited) @executable_path/Frameworks";
				PRODUCT_BUNDLE_IDENTIFIER = com.example.BrowserApp;
				PRODUCT_NAME = "$(TARGET_NAME)";
			};
			name = Debug;
		};
		9EE8E47D1C5187BE00669612 /* Release */ = {
			isa = XCBuildConfiguration;
			buildSettings = {
				ASSETCATALOG_COMPILER_APPICON_NAME = AppIcon;
				INFOPLIST_FILE = BrowserApp/Info.plist;
				LD_RUNPATH_SEARCH_PATHS = "$(inherited) @executable_path/Frameworks";
				PRODUCT_BUNDLE_IDENTIFIER = com.example.BrowserApp;
				PRODUCT_NAME = "$(TARGET_NAME)";
			};
			name = Release;
		};
		9EE8E47F1C5187BE00669612 /* Debug */ = {
			isa = XCBuildConfiguration;
			buildSettings = {
				BUNDLE_LOADER = "$(TEST_HOST)";
				INFOPLIST_FILE = BrowserAppTests/Info.plist;
				LD_RUNPATH_SEARCH_PATHS = "$(inherited) @executable_path/Frameworks @loader_path/Frameworks";
				PRODUCT_BUNDLE_IDENTIFIER = com.example.BrowserAppTests;
				PRODUCT_NAME = "$(TARGET_NAME)";
				TEST_HOST = "$(BUILT_PRODUCTS_DIR)/BrowserApp.app/BrowserApp";
			};
			name = Debug;
		};
		9EE8E4801C5187BE00669612 /* Release */ = {
			isa = XCBuildConfiguration;
			buildSettings = {
				BUNDLE_LOADER = "$(TEST_HOST)";
				INFOPLIST_FILE = BrowserAppTests/Info.plist;
				LD_RUNPATH_SEARCH_PATHS = "$(inherited) @executable_path/Frameworks @loader_path/Frameworks";
				PRODUCT_BUNDLE_IDENTIFIER = com.example.BrowserAppTests;
				PRODUCT_NAME = "$(TARGET_NAME)";
				TEST_HOST = "$(BUILT_PRODUCTS_DIR)/BrowserApp.app/BrowserApp";
			};
			name = Release;
		};
/* End XCBuildConfiguration section */

/* Begin XCConfigurationList section */
		9EE8E4591C5187BD00669612 /* Build configuration list for PBXProject "BrowserApp" */ = {
			isa = XCConfigurationList;
			buildConfigurations = (
				9EE8E4791C5187BE00669612 /* Debug */,
				9EE8E47A1C5187BE00669612 /* Release */,
			);
			defaultConfigurationIsVisible = 0;
			defaultConfigurationName = Release;
		};
		9EE8E47B1C5187BE00669612 /* Build configuration list for PBXNativeTarget "BrowserApp" */ = {
			isa = XCConfigurationList;
			buildConfigurations = (
				9EE8E47C1C5187BE00669612 /* Debug */,
				9EE8E47D1C5187BE00669612 /* Release */,
			);
			defaultConfigurationIsVisible = 0;
		};
		9EE8E47E1C5187BE00669612 /* Build configuration list for PBXNativeTarget "BrowserAppTests" */ = {
			isa = XCConfigurationList;
			buildConfigurations = (
				9EE8E47F1C5187BE00669612 /* Debug */,
				9EE8E4801C5187BE00669612 /* Release */,
			);
			defaultConfigurationIsVisible = 0;
		};
/* End XCConfigurationList section */
	};
	rootObject = 9EE8E4561C5187BD00669612 /* Project object */;
}
