// !$*UTF8*$!
{
	archiveVersion = 1;
	classes = {
	};
	objectVersion = 46;
	objects = {

/* Begin PBXBuildFile section */
		9E9485621C3AB548004EF4EB /* AppDelegate.swift in Sources */ = {isa = PBXBuildFile; fileRef = 9E9485611C3AB548004EF4EB /* AppDelegate.swift */; };
		9E9485641C3AB548004EF4EB /* ViewController.swift in Sources */ = {isa = PBXBuildFile; fileRef = 9E9485631C3AB548004EF4EB /* ViewController.swift */; };
		9E9485671C3AB548004EF4EB /* Main.storyboard in Resources */ = {isa = PBXBuildFile; fileRef = 9E9485651C3AB548004EF4EB /* Main.storyboard */; };
		9E9485691C3AB548004EF4EB /* Assets.xcassets in Resources */ = {isa = PBXBuildFile; fileRef = 9E9485681C3AB548004EF4EB /* Assets.xcassets */; };
		9E94856C1C3AB548004EF4EB /* LaunchScreen.storyboard in Resources */ = {isa = PBXBuildFile; fileRef = 9E94856A1C3AB548004EF4EB /* LaunchScreen.storyboard */; };
		9E9485771C3AB548004EF4EB /* SocialNetOneTests.swift in Sources */ = {isa = PBXBuildFile; fileRef = 9E9485761C3AB548004EF4EB /* SocialNetOneTests.swift */; };
		9E9485821C3AB558004EF4EB /* Social.framework in Frameworks */ = {isa = PBXBuildFile; fileRef = 9E9485811C3AB558004EF4EB /* Social.framework */; };
/* End PBXBuildFile section */

/* Begin PBXContainerItemProxy section */
		9E9485731C3AB548004EF4EB /* PBXContainerItemProxy */ = {
			isa = PBXContainerItemProxy;
			containerPortal = 9E9485561C3AB548004EF4EB /* Project object */;
			proxyType = 1;
			remoteGlobalIDString = 9E94855D1C3AB548004EF4EB;
			remoteInfo = SocialNetOne;
		};
/* End PBXContainerItemProxy section */

/* Begin PBXFileReference section */
		9E94855E1C3AB548004EF4EB /* SocialNetOne.app */ = {isa = PBXFileReference; explicitFileType = wrapper.application; includeInIndex = 0; path = SocialNetOne.app; sourceTree = BUILT_PRODUCTS_DIR; };
		9E9485611C3AB548004EF4EB /* AppDelegate.swift */ = {isa = PBXFileReference; lastKnownFileType = sourcecode.swift; path = AppDelegate.swift; sourceTree = "<group>"; };
		9E9485631C3AB548004EF4EB /* ViewController.swift */ = {isa = PBXFileReference; lastKnownFileType = sourcecode.swift; path = ViewController.swift; sourceTree = "<group>"; };
		9E9485661C3AB548004EF4EB /* Base */ = {isa = PBXFileReference; lastKnownFileType = file.storyboard; name = Base; path = Base.lproj/Main.storyboard; sourceTree = "<group>"; };
		9E9485681C3AB548004EF4EB /* Assets.xcassets */ = {isa = PBXFileReference; lastKnownFileType = folder.assetcatalog; path = Assets.xcassets; sourceTree = "<group>"; };
		9E94856B1C3AB548004EF4EB /* Base */ = {isa = PBXFileReference; lastKnownFileType = file.storyboard; name = Base; path = Base.lproj/LaunchScreen.storyboard; sourceTree = "<group>"; };
		9E94856D1C3AB548004EF4EB /* Info.plist */ = {isa = PBXFileReference; lastKnownFileType = text.plist.xml; path = Info.plist; sourceTree = "<group>"; };
		9E9485721C3AB548004EF4EB /* SocialNetOneTests.xctest */ = {isa = PBXFileReference; explicitFileType = wrapper.cfbundle; includeInIndex = 0; path = SocialNetOneTests.xctest; sourceTree = BUILT_PRODUCTS_DIR; };
		9E9485761C3AB548004EF4EB /* SocialNetOneTests.swift */ = {isa = PBXFileReference; lastKnownFileType = sourcecode.swift; path = SocialNetOneTests.swift; sourceTree = "<group>"; };
		9E9485781C3AB548004EF4EB /* Info.plist */ = {isa = PBXFileReference; lastKnownFileType = text.plist.xml; path = Info.plist; sourceTree = "<group>"; };
		9E9485811C3AB558004EF4EB /* Social.framework */ = {isa = PBXFileReference; lastKnownFileType = wrapper.framework; name = Social.framework; path = System/Library/Frameworks/Social.framework; sourceTree = SDKROOT; };
/* End PBXFileReference section */

/* Begin PBXFrameworksBuildPhase section */
		9E94855B1C3AB548004EF4EB /* Frameworks */ = {
			isa = PBXFrameworksBuildPhase;
			buildActionMask = 2147483647;
			files = (
				9E9485821C3AB558004EF4EB /* Social.framework in Frameworks */,
			);
			runOnlyForDeploymentPostprocessing = 0;
		};
		9E94856F1C3AB548004EF4EB /* Frameworks */ = {
			isa = PBXFrameworksBuildPhase;
			buildActionMask = 2147483647;
			files = (
			);
			runOnlyForDeploymentPostprocessing = 0;
		};
/* End PBXFrameworksBuildPhase section */

/* Begin PBXGroup section */
		9E9485551C3AB548004EF4EB = {
			isa = PBXGroup;
			children = (
				9E9485811C3AB558004EF4EB /* Social.framework */,
				9E9485601C3AB548004EF4EB /* SocialNetOne */,
				9E9485751C3AB548004EF4EB /* SocialNetOneTests */,
				9E94855F1C3AB548004EF4EB /* Products */,
			);
			sourceTree = "<group>";
		};
		9E94855F1C3AB548004EF4EB /* Products */ = {
			isa = PBXGroup;
			children = (
				9E94855E1C3AB548004EF4EB /* SocialNetOne.app */,
				9E9485721C3AB548004EF4EB /* SocialNetOneTests.xctest */,
			);
			name = Products;
			sourceTree = "<group>";
		};
		9E9485601C3AB548004EF4EB /* SocialNetOne */ = {
			isa = PBXGroup;
			children = (
				9E9485611C3AB548004EF4EB /* AppDelegate.swift */,
				9E9485631C3AB548004EF4EB /* ViewController.swift */,
				9E9485651C3AB548004EF4EB /* Main.storyboard */,
				9E9485681C3AB548004EF4EB /* Assets.xcassets */,
				9E94856A1C3AB548004EF4EB /* LaunchScreen.storyboard */,
				9E94856D1C3AB548004EF4EB /* Info.plist */,
			);
			path = SocialNetOne;
			sourceTree = "<group>";
		};
		9E9485751C3AB548004EF4EB /* SocialNetOneTests */ = {
			isa = PBXGroup;
			children = (
				9E9485761C3AB548004EF4EB /* SocialNetOneTests.swift */,
				9E9485781C3AB548004EF4EB /* Info.plist */,
			);
			path = SocialNetOneTests;
			sourceTree = "<group>";
		};
/* End PBXGroup section */

/* Begin PBXNativeTarget section */
		9E94855D1C3AB548004EF4EB /* SocialNetOne */ = {
			isa = PBXNativeTarget;
			buildConfigurationList = 9E94857B1C3AB548004EF4EB /* Build configuration list for PBXNativeTarget "SocialNetOne" */;
			buildPhases = (
				9E94855A1C3AB548004EF4EB /* Sources */,
				9E94855B1C3AB548004EF4EB /* Frameworks */,
				9E94855C1C3AB548004EF4EB /* Resources */,
			);
			buildRules = (
			);
			dependencies = (
			);
			name = SocialNetOne;
			productName = SocialNetOne;
			productReference = 9E94855E1C3AB548004EF4EB /* SocialNetOne.app */;
			productType = "com.apple.product-type.application";
		};
		9E9485711C3AB548004EF4EB /* SocialNetOneTests */ = {
			isa = PBXNativeTarget;
			buildConfigurationList = 9E94857E1C3AB548004EF4EB /* Build configuration list for PBXNativeTarget "SocialNetOneTests" */;
			buildPhases = (
				9E94856E1C3AB548004EF4EB /* Sources */,
				9E94856F1C3AB548004EF4EB /* Frameworks */,
				9E9485701C3AB548004EF4EB /* Resources */,
			);
			buildRules = (
			);
			dependencies = (
				9E9485741C3AB548004EF4EB /* PBXTargetDependency */,
			);
			name = SocialNetOneTests;
			productName = SocialNetOneTests;
			productReference = 9E9485721C3AB548004EF4EB /* SocialNetOneTests.xctest */;
			productType = "com.apple.product-type.bundle.unit-test";
		};
/* End PBXNativeTarget section */

/* Begin PBXProject section */
		9E9485561C3AB548004EF4EB /* Project object */ = {
			isa = PBXProject;
			attributes = {
				LastSwiftUpdateCheck = 0720;
				LastUpgradeCheck = 0720;
				ORGANIZATIONNAME = "Sascha Alexander";
				TargetAttributes = {
					9E94855D1C3AB548004EF4EB = {
						CreatedOnToolsVersion = 7.2;
						DevelopmentTeam = QQ82H6G7P2;
					};
					9E9485711C3AB548004EF4EB = {
						CreatedOnToolsVersion = 7.2;
						DevelopmentTeam = QQ82H6G7P2;
						TestTargetID = 9E94855D1C3AB548004EF4EB;
					};
				};
			};
			buildConfigurationList = 9E9485591C3AB548004EF4EB /* Build configuration list for PBXProject "SocialNetOne" */;
			compatibilityVersion = "Xcode 3.2";
			developmentRegion = English;
			hasScannedForEncodings = 0;
			knownRegions = (
				en,
				Base,
			);
			mainGroup = 9E9485551C3AB548004EF4EB;
			productRefGroup = 9E94855F1C3AB548004EF4EB /* Products */;
			projectDirPath = "";
			projectRoot = "";
			targets = (
				9E94855D1C3AB548004EF4EB /* SocialNetOne */,
				9E9485711C3AB548004EF4EB /* SocialNetOneTests */,
			);
		};
/* End PBXProject section */

/* Begin PBXResourcesBuildPhase section */
		9E94855C1C3AB548004EF4EB /* Resources */ = {
			isa = PBXResourcesBuildPhase;
			buildActionMask = 2147483647;
			files = (
				9E94856C1C3AB548004EF4EB /* LaunchScreen.storyboard in Resources */,
				9E9485691C3AB548004EF4EB /* Assets.xcassets in Resources */,
				9E9485671C3AB548004EF4EB /* Main.storyboard in Resources */,
			);
			runOnlyForDeploymentPostprocessing = 0;
		};
		9E9485701C3AB548004EF4EB /* Resources */ = {
			isa = PBXResourcesBuildPhase;
			buildActionMask = 2147483647;
			files = (
			);
			runOnlyForDeploymentPostprocessing = 0;
		};
/* End PBXResourcesBuildPhase section */

/* Begin PBXSourcesBuildPhase section */
		9E94855A1C3AB548004EF4EB /* Sources */ = {
			isa = PBXSourcesBuildPhase;
			buildActionMask = 2147483647;
			files = (
				9E9485641C3AB548004EF4EB /* ViewController.swift in Sources */,
				9E9485621C3AB548004EF4EB /* AppDelegate.swift in Sources */,
			);
			runOnlyForDeploymentPostprocessing = 0;
		};
		9E94856E1C3AB548004EF4EB /* Sources */ = {
			isa = PBXSourcesBuildPhase;
			buildActionMask = 2147483647;
			files = (
				9E9485771C3AB548004EF4EB /* SocialNetOneTests.swift in Sources */,
			);
			runOnlyForDeploymentPostprocessing = 0;
		};
/* End PBXSourcesBuildPhase section */

/* Begin PBXTargetDependency section */
		9E9485741C3AB548004EF4EB /* PBXTargetDependency */ = {
			isa = PBXTargetDependency;
			target = 9E94855D1C3AB548004EF4EB /* SocialNetOne */;
			targetProxy = 9E9485731C3AB548004EF4EB /* PBXContainerItemProxy */;
		};
/* End PBXTargetDependency section */

/* Begin PBXVariantGroup section */
		9E9485651C3AB548004EF4EB /* Main.storyboard */ = {
			isa = PBXVariantGroup;
			children = (
				9E9485661C3AB548004EF4EB /* Base */,
			);
			name = Main.storyboard;
			sourceTree = "<group>";
		};
		9E94856A1C3AB548004EF4EB /* LaunchScreen.storyboard */ = {
			isa = PBXVariantGroup;
			children = (
				9E94856B1C3AB548004EF4EB /* Base */,
			);
			name = LaunchScreen.storyboard;
			sourceTree = "<group>";
		};
/* End PBXVariantGroup section */

/* Begin XCBuildConfiguration section */
		9E9485791C3AB548004EF4EB /* Debug */ = {
			isa = XCBuildConfiguration;
			buildSettings = {
				ALWAYS_SEARCH_USER_PATHS = NO;
				CLANG_CXX_LANGUAGE_STANDARD = "gnu++0x";
				CLANG_CXX_LIBRARY = "libc++";
				CLANG_ENABLE_MODULES = YES;
				CLANG_ENABLE_OBJC_ARC = YES;
				CLANG_WARN_BOOL_CONVERSION = YES;
				CLANG_WARN_CONSTANT_CONVERSION = YES;
				CLANG_WARN_DIRECT_OBJC_ISA_USAGE = YES_ERROR;
				CLANG_WARN_EMPTY_BODY = YES;
				CLANG_WARN_ENUM_CONVERSION = YES;
				CLANG_WARN_INT_CONVERSION = YES;
				CLANG_WARN_OBJC_ROOT_CLASS = YES_ERROR;
				CLANG_WARN_UNREACHABLE_CODE = YES;
				CLANG_WARN__DUPLICATE_METHOD_MATCH = YES;
				"CODE_SIGN_IDENTITY[sdk=iphoneos*]" = "iPhone Developer";
				COPY_PHASE_STRIP = NO;
				DEBUG_INFORMATION_FORMAT = dwarf;
				ENABLE_STRICT_OBJC_MSGSEND = YES;
				ENABLE_TESTABILITY = YES;
				GCC_C_LANGUAGE_STANDARD = gnu99;
				GCC_DYNAMIC_NO_PIC = NO;
				GCC_NO_COMMON_BLOCKS = YES;
				GCC_OPTIMIZATION_LEVEL = 0;
				GCC_PREPROCESSOR_DEFINITIONS = (
					"DEBUG=1",
					"$(inherited)",
				);
				GCC_WARN_64_TO_32_BIT_CONVERSION = YES;
				GCC_WARN_ABOUT_RETURN_TYPE = YES_ERROR;
				GCC_WARN_UNDECLARED_SELECTOR = YES;
				GCC_WARN_UNINITIALIZED_AUTOS = YES_AGGRESSIVE;
				GCC_WARN_UNUSED_FUNCTION = YES;
				GCC_WARN_UNUSED_VARIABLE = YES;
				IPHONEOS_DEPLOYMENT_TARGET = 9.2;
				MTL_ENABLE_DEBUG_INFO = YES;
				ONLY_ACTIVE_ARCH = YES;
				SDKROOT = iphoneos;
				SWIFT_OPTIMIZATION_LEVEL = "-Onone";
				TARGETED_DEVICE_FAMILY = "1,2";
			};
			name = Debug;
		};
		9E94857A1C3AB548004EF4EB /* Release */ = {
			isa = XCBuildConfiguration;
			buildSettings = {
				ALWAYS_SEARCH_USER_PATHS = NO;
				CLANG_CXX_LANGUAGE_STANDARD = "gnu++0x";
				CLANG_CXX_LIBRARY = "libc++";
				CLANG_ENABLE_MODULES = YES;
				CLANG_ENABLE_OBJC_ARC = YES;
				CLANG_WARN_BOOL_CONVERSION = YES;
				CLANG_WARN_CONSTANT_CONVERSION = YES;
				CLANG_WARN_DIRECT_OBJC_ISA_USAGE = YES_ERROR;
				CLANG_WARN_EMPTY_BODY = YES;
				CLANG_WARN_ENUM_CONVERSION = YES;
				CLANG_WARN_INT_CONVERSION = YES;
				CLANG_WARN_OBJC_ROOT_CLASS = YES_ERROR;
				CLANG_WARN_UNREACHABLE_CODE = YES;
				CLANG_WARN__DUPLICATE_METHOD_MATCH = YES;
				"CODE_SIGN_IDENTITY[sdk=iphoneos*]" = "iPhone Developer";
				COPY_PHASE_STRIP = NO;
				DEBUG_INFORMATION_FORMAT = "dwarf-with-dsym";
				ENABLE_NS_ASSERTIONS = NO;
				ENABLE_STRICT_OBJC_MSGSEND = YES;
				GCC_C_LANGUAGE_STANDARD = gnu99;
				GCC_NO_COMMON_BLOCKS = YES;
				GCC_WARN_64_TO_32_BIT_CONVERSION = YES;
				GCC_WARN_ABOUT_RETURN_TYPE = YES_ERROR;
				GCC_WARN_UNDECLARED_SELECTOR = YES;
				GCC_WARN_UNINITIALIZED_AUTOS = YES_AGGRESSIVE;
				GCC_WARN_UNUSED_FUNCTION = YES;
				GCC_WARN_UNUSED_VARIABLE = YES;
				IPHONEOS_DEPLOYMENT_TARGET = 9.2;
				MTL_ENABLE_DEBUG_INFO = NO;
				SDKROOT = iphoneos;
				TARGETED_DEVICE_FAMILY = "1,2";
				VALIDATE_PRODUCT = YES;
			};
			name = Release;
		};
		9E94857C1C3AB548004EF4EB /* Debug */ = {
			isa = XCBuildConfiguration;
			buildSettings = {
				ASSETCATALOG_COMPILER_APPICON_NAME = AppIcon;
				INFOPLIST_FILE = SocialNetOne/Info.plist;
				LD_RUNPATH_SEARCH_PATHS = "$(inherited) @executable_path/Frameworks";
				PRODUCT_BUNDLE_IDENTIFIER = com.example.SocialNetOne;
				PRODUCT_NAME = "$(TARGET_NAME)";
			};
			name = Debug;
		};
		9E94857D1C3AB548004EF4EB /* Release */ = {
			isa = XCBuildConfiguration;
			buildSettings = {
				ASSETCATALOG_COMPILER_APPICON_NAME = AppIcon;
				INFOPLIST_FILE = SocialNetOne/Info.plist;
				LD_RUNPATH_SEARCH_PATHS = "$(inherited) @executable_path/Frameworks";
				PRODUCT_BUNDLE_IDENTIFIER = com.example.SocialNetOne;
				PRODUCT_NAME = "$(TARGET_NAME)";
			};
			name = Release;
		};
		9E94857F1C3AB548004EF4EB /* Debug */ = {
			isa = XCBuildConfiguration;
			buildSettings = {
				BUNDLE_LOADER = "$(TEST_HOST)";
				INFOPLIST_FILE = SocialNetOneTests/Info.plist;
				LD_RUNPATH_SEARCH_PATHS = "$(inherited) @executable_path/Frameworks @loader_path/Frameworks";
				PRODUCT_BUNDLE_IDENTIFIER = com.example.SocialNetOneTests;
				PRODUCT_NAME = "$(TARGET_NAME)";
				TEST_HOST = "$(BUILT_PRODUCTS_DIR)/SocialNetOne.app/SocialNetOne";
			};
			name = Debug;
		};
		9E9485801C3AB548004EF4EB /* Release */ = {
			isa = XCBuildConfiguration;
			buildSettings = {
				BUNDLE_LOADER = "$(TEST_HOST)";
				INFOPLIST_FILE = SocialNetOneTests/Info.plist;
				LD_RUNPATH_SEARCH_PATHS = "$(inherited) @executable_path/Frameworks @loader_path/Frameworks";
				PRODUCT_BUNDLE_IDENTIFIER = com.example.SocialNetOneTests;
				PRODUCT_NAME = "$(TARGET_NAME)";
				TEST_HOST = "$(BUILT_PRODUCTS_DIR)/SocialNetOne.app/SocialNetOne";
			};
			name = Release;
		};
/* End XCBuildConfiguration section */

/* Begin XCConfigurationList section */
		9E9485591C3AB548004EF4EB /* Build configuration list for PBXProject "SocialNetOne" */ = {
			isa = XCConfigurationList;
			buildConfigurations = (
				9E9485791C3AB548004EF4EB /* Debug */,
				9E94857A1C3AB548004EF4EB /* Release */,
			);
			defaultConfigurationIsVisible = 0;
			defaultConfigurationName = Release;
		};
		9E94857B1C3AB548004EF4EB /* Build configuration list for PBXNativeTarget "SocialNetOne" */ = {
			isa = XCConfigurationList;
			buildConfigurations = (
				9E94857C1C3AB548004EF4EB /* Debug */,
				9E94857D1C3AB548004EF4EB /* Release */,
			);
			defaultConfigurationIsVisible = 0;
		};
		9E94857E1C3AB548004EF4EB /* Build configuration list for PBXNativeTarget "SocialNetOneTests" */ = {
			isa = XCConfigurationList;
			buildConfigurations = (
				9E94857F1C3AB548004EF4EB /* Debug */,
				9E9485801C3AB548004EF4EB /* Release */,
			);
			defaultConfigurationIsVisible = 0;
		};
/* End XCConfigurationList section */
	};
	rootObject = 9E9485561C3AB548004EF4EB /* Project object */;
}
