// !$*UTF8*$!
{
	archiveVersion = 1;
	classes = {
	};
	objectVersion = 46;
	objects = {

/* Begin PBXBuildFile section */
		9E6183D81ED2A87C008ABD1B /* AppDelegate.swift in Sources */ = {isa = PBXBuildFile; fileRef = 9E6183D71ED2A87C008ABD1B /* AppDelegate.swift */; };
		9E6183DA1ED2A87C008ABD1B /* ViewController.swift in Sources */ = {isa = PBXBuildFile; fileRef = 9E6183D91ED2A87C008ABD1B /* ViewController.swift */; };
		9E6183DD1ED2A87C008ABD1B /* Main.storyboard in Resources */ = {isa = PBXBuildFile; fileRef = 9E6183DB1ED2A87C008ABD1B /* Main.storyboard */; };
		9E6183DF1ED2A87C008ABD1B /* Assets.xcassets in Resources */ = {isa = PBXBuildFile; fileRef = 9E6183DE1ED2A87C008ABD1B /* Assets.xcassets */; };
		9E6183E21ED2A87C008ABD1B /* LaunchScreen.storyboard in Resources */ = {isa = PBXBuildFile; fileRef = 9E6183E01ED2A87C008ABD1B /* LaunchScreen.storyboard */; };
		9E6183EA1ED2ADF2008ABD1B /* KanaViewController.swift in Sources */ = {isa = PBXBuildFile; fileRef = 9E6183E91ED2ADF2008ABD1B /* KanaViewController.swift */; };
/* End PBXBuildFile section */

/* Begin PBXFileReference section */
		9E6183D41ED2A87C008ABD1B /* Kana Trainer.app */ = {isa = PBXFileReference; explicitFileType = wrapper.application; includeInIndex = 0; path = "Kana Trainer.app"; sourceTree = BUILT_PRODUCTS_DIR; };
		9E6183D71ED2A87C008ABD1B /* AppDelegate.swift */ = {isa = PBXFileReference; lastKnownFileType = sourcecode.swift; path = AppDelegate.swift; sourceTree = "<group>"; };
		9E6183D91ED2A87C008ABD1B /* ViewController.swift */ = {isa = PBXFileReference; lastKnownFileType = sourcecode.swift; path = ViewController.swift; sourceTree = "<group>"; };
		9E6183DC1ED2A87C008ABD1B /* Base */ = {isa = PBXFileReference; lastKnownFileType = file.storyboard; name = Base; path = Base.lproj/Main.storyboard; sourceTree = "<group>"; };
		9E6183DE1ED2A87C008ABD1B /* Assets.xcassets */ = {isa = PBXFileReference; lastKnownFileType = folder.assetcatalog; path = Assets.xcassets; sourceTree = "<group>"; };
		9E6183E11ED2A87C008ABD1B /* Base */ = {isa = PBXFileReference; lastKnownFileType = file.storyboard; name = Base; path = Base.lproj/LaunchScreen.storyboard; sourceTree = "<group>"; };
		9E6183E31ED2A87C008ABD1B /* Info.plist */ = {isa = PBXFileReference; lastKnownFileType = text.plist.xml; path = Info.plist; sourceTree = "<group>"; };
		9E6183E91ED2ADF2008ABD1B /* KanaViewController.swift */ = {isa = PBXFileReference; fileEncoding = 4; lastKnownFileType = sourcecode.swift; path = KanaViewController.swift; sourceTree = "<group>"; };
/* End PBXFileReference section */

/* Begin PBXFrameworksBuildPhase section */
		9E6183D11ED2A87C008ABD1B /* Frameworks */ = {
			isa = PBXFrameworksBuildPhase;
			buildActionMask = 2147483647;
			files = (
			);
			runOnlyForDeploymentPostprocessing = 0;
		};
/* End PBXFrameworksBuildPhase section */

/* Begin PBXGroup section */
		9E6183CB1ED2A87C008ABD1B = {
			isa = PBXGroup;
			children = (
				9E6183D61ED2A87C008ABD1B /* Kana Trainer */,
				9E6183D51ED2A87C008ABD1B /* Products */,
			);
			sourceTree = "<group>";
		};
		9E6183D51ED2A87C008ABD1B /* Products */ = {
			isa = PBXGroup;
			children = (
				9E6183D41ED2A87C008ABD1B /* Kana Trainer.app */,
			);
			name = Products;
			sourceTree = "<group>";
		};
		9E6183D61ED2A87C008ABD1B /* Kana Trainer */ = {
			isa = PBXGroup;
			children = (
				9E6183D71ED2A87C008ABD1B /* AppDelegate.swift */,
				9E6183D91ED2A87C008ABD1B /* ViewController.swift */,
				9E6183E91ED2ADF2008ABD1B /* KanaViewController.swift */,
				9E6183DB1ED2A87C008ABD1B /* Main.storyboard */,
				9E6183DE1ED2A87C008ABD1B /* Assets.xcassets */,
				9E6183E01ED2A87C008ABD1B /* LaunchScreen.storyboard */,
				9E6183E31ED2A87C008ABD1B /* Info.plist */,
			);
			path = "Kana Trainer";
			sourceTree = "<group>";
		};
/* End PBXGroup section */

/* Begin PBXNativeTarget section */
		9E6183D31ED2A87C008ABD1B /* Kana Trainer */ = {
			isa = PBXNativeTarget;
			buildConfigurationList = 9E6183E61ED2A87C008ABD1B /* Build configuration list for PBXNativeTarget "Kana Trainer" */;
			buildPhases = (
				9E6183D01ED2A87C008ABD1B /* Sources */,
				9E6183D11ED2A87C008ABD1B /* Frameworks */,
				9E6183D21ED2A87C008ABD1B /* Resources */,
			);
			buildRules = (
			);
			dependencies = (
			);
			name = "Kana Trainer";
			productName = "Kana Trainer";
			productReference = 9E6183D41ED2A87C008ABD1B /* Kana Trainer.app */;
			productType = "com.apple.product-type.application";
		};
/* End PBXNativeTarget section */

/* Begin PBXProject section */
		9E6183CC1ED2A87C008ABD1B /* Project object */ = {
			isa = PBXProject;
			attributes = {
				LastSwiftUpdateCheck = 0830;
				LastUpgradeCheck = 0830;
				ORGANIZATIONNAME = "Sascha Luna";
				TargetAttributes = {
					9E6183D31ED2A87C008ABD1B = {
						CreatedOnToolsVersion = 8.3.2;
						DevelopmentTeam = 8KU532725H;
						ProvisioningStyle = Automatic;
					};
				};
			};
			buildConfigurationList = 9E6183CF1ED2A87C008ABD1B /* Build configuration list for PBXProject "Kana Trainer" */;
			compatibilityVersion = "Xcode 3.2";
			developmentRegion = English;
			hasScannedForEncodings = 0;
			knownRegions = (
				en,
				Base,
			);
			mainGroup = 9E6183CB1ED2A87C008ABD1B;
			productRefGroup = 9E6183D51ED2A87C008ABD1B /* Products */;
			projectDirPath = "";
			projectRoot = "";
			targets = (
				9E6183D31ED2A87C008ABD1B /* Kana Trainer */,
			);
		};
/* End PBXProject section */

/* Begin PBXResourcesBuildPhase section */
		9E6183D21ED2A87C008ABD1B /* Resources */ = {
			isa = PBXResourcesBuildPhase;
			buildActionMask = 2147483647;
			files = (
				9E6183E21ED2A87C008ABD1B /* LaunchScreen.storyboard in Resources */,
				9E6183DF1ED2A87C008ABD1B /* Assets.xcassets in Resources */,
				9E6183DD1ED2A87C008ABD1B /* Main.storyboard in Resources */,
			);
			runOnlyForDeploymentPostprocessing = 0;
		};
/* End PBXResourcesBuildPhase section */

/* Begin PBXSourcesBuildPhase section */
		9E6183D01ED2A87C008ABD1B /* Sources */ = {
			isa = PBXSourcesBuildPhase;
			buildActionMask = 2147483647;
			files = (
				9E6183EA1ED2ADF2008ABD1B /* KanaViewController.swift in Sources */,
				9E6183DA1ED2A87C008ABD1B /* ViewController.swift in Sources */,
				9E6183D81ED2A87C008ABD1B /* AppDelegate.swift in Sources */,
			);
			runOnlyForDeploymentPostprocessing = 0;
		};
/* End PBXSourcesBuildPhase section */

/* Begin PBXVariantGroup section */
		9E6183DB1ED2A87C008ABD1B /* Main.storyboard */ = {
			isa = PBXVariantGroup;
			children = (
				9E6183DC1ED2A87C008ABD1B /* Base */,
			);
			name = Main.storyboard;
			sourceTree = "<group>";
		};
		9E6183E01ED2A87C008ABD1B /* LaunchScreen.storyboard */ = {
			isa = PBXVariantGroup;
			children = (
				9E6183E11ED2A87C008ABD1B /* Base */,
			);
			name = LaunchScreen.storyboard;
			sourceTree = "<group>";
		};
/* End PBXVariantGroup section */

/* Begin XCBuildConfiguration section */
		9E6183E41ED2A87C008ABD1B /* Debug */ = {
			isa = XCBuildConfiguration;
			buildSettings = {
				ALWAYS_SEARCH_USER_PATHS = NO;
				CLANG_ANALYZER_NONNULL = YES;
				CLANG_ANALYZER_NUMBER_OBJECT_CONVERSION = YES_AGGRESSIVE;
				CLANG_CXX_LANGUAGE_STANDARD = "gnu++0x";
				CLANG_CXX_LIBRARY = "libc++";
				CLANG_ENABLE_MODULES = YES;
				CLANG_ENABLE_OBJC_ARC = YES;
				CLANG_WARN_BOOL_CONVERSION = YES;
				CLANG_WARN_CONSTANT_CONVERSION = YES;
				CLANG_WARN_DIRECT_OBJC_ISA_USAGE = YES_ERROR;
				CLANG_WARN_DOCUMENTATION_COMMENTS = YES;
				CLANG_WARN_EMPTY_BODY = YES;
				CLANG_WARN_ENUM_CONVERSION = YES;
				CLANG_WARN_INFINITE_RECURSION = YES;
				CLANG_WARN_INT_CONVERSION = YES;
				CLANG_WARN_OBJC_ROOT_CLASS = YES_ERROR;
				CLANG_WARN_SUSPICIOUS_MOVE = YES;
				CLANG_WARN_UNREACHABLE_CODE = YES;
				CLANG_WARN__DUPLICATE_METHOD_MATCH = YES;
				"CODE_SIGN_IDENTITY[sdk=iphoneos*]" = "iPhone Developer";
				COPY_PHASE_STRIP = NO;
				DEBUG_INFORMATION_FORMAT = dwarf;
				ENABLE_STRICT_OBJC_MSGSEND = YES;
				ENABLE_TESTABILITY = YES;
				GCC_C_LANGUAGE_STANDARD = gnu99;
				GCC_DYNAMIC_NO_PIC = NO;
				GCC_NO_COMMON_BLOCKS = YES;
				GCC_OPTIMIZATION_LEVEL = 0;
				GCC_PREPROCESSOR_DEFINITIONS = (
					"DEBUG=1",
					"$(inherited)",
				);
				GCC_WARN_64_TO_32_BIT_CONVERSION = YES;
				GCC_WARN_ABOUT_RETURN_TYPE = YES_ERROR;
				GCC_WARN_UNDECLARED_SELECTOR = YES;
				GCC_WARN_UNINITIALIZED_AUTOS = YES_AGGRESSIVE;
				GCC_WARN_UNUSED_FUNCTION = YES;
				GCC_WARN_UNUSED_VARIABLE = YES;
				IPHONEOS_DEPLOYMENT_TARGET = 10.3;
				MTL_ENABLE_DEBUG_INFO = YES;
				ONLY_ACTIVE_ARCH = YES;
				SDKROOT = iphoneos;
				SWIFT_ACTIVE_COMPILATION_CONDITIONS = DEBUG;
				SWIFT_OPTIMIZATION_LEVEL = "-Onone";
			};
			name = Debug;
		};
		9E6183E51ED2A87C008ABD1B /* Release */ = {
			isa = XCBuildConfiguration;
			buildSettings = {
				ALWAYS_SEARCH_USER_PATHS = NO;
				CLANG_ANALYZER_NONNULL = YES;
				CLANG_ANALYZER_NUMBER_OBJECT_CONVERSION = YES_AGGRESSIVE;
				CLANG_CXX_LANGUAGE_STANDARD = "gnu++0x";
				CLANG_CXX_LIBRARY = "libc++";
				CLANG_ENABLE_MODULES = YES;
				CLANG_ENABLE_OBJC_ARC = YES;
				CLANG_WARN_BOOL_CONVERSION = YES;
				CLANG_WARN_CONSTANT_CONVERSION = YES;
				CLANG_WARN_DIRECT_OBJC_ISA_USAGE = YES_ERROR;
				CLANG_WARN_DOCUMENTATION_COMMENTS = YES;
				CLANG_WARN_EMPTY_BODY = YES;
				CLANG_WARN_ENUM_CONVERSION = YES;
				CLANG_WARN_INFINITE_RECURSION = YES;
				CLANG_WARN_INT_CONVERSION = YES;
				CLANG_WARN_OBJC_ROOT_CLASS = YES_ERROR;
				CLANG_WARN_SUSPICIOUS_MOVE = YES;
				CLANG_WARN_UNREACHABLE_CODE = YES;
				CLANG_WARN__DUPLICATE_METHOD_MATCH = YES;
				"CODE_SIGN_IDENTITY[sdk=iphoneos*]" = "iPhone Developer";
				COPY_PHASE_STRIP = NO;
				DEBUG_INFORMATION_FORMAT = "dwarf-with-dsym";
				ENABLE_NS_ASSERTIONS = NO;
				ENABLE_STRICT_OBJC_MSGSEND = YES;
				GCC_C_LANGUAGE_STANDARD = gnu99;
				GCC_NO_COMMON_BLOCKS = YES;
				GCC_WARN_64_TO_32_BIT_CONVERSION = YES;
				GCC_WARN_ABOUT_RETURN_TYPE = YES_ERROR;
				GCC_WARN_UNDECLARED_SELECTOR = YES;
				GCC_WARN_UNINITIALIZED_AUTOS = YES_AGGRESSIVE;
				GCC_WARN_UNUSED_FUNCTION = YES;
				GCC_WARN_UNUSED_VARIABLE = YES;
				IPHONEOS_DEPLOYMENT_TARGET = 10.3;
				MTL_ENABLE_DEBUG_INFO = NO;
				SDKROOT = iphoneos;
				SWIFT_OPTIMIZATION_LEVEL = "-Owholemodule";
				VALIDATE_PRODUCT = YES;
			};
			name = Release;
		};
		9E6183E71ED2A87C008ABD1B /* Debug */ = {
			isa = XCBuildConfiguration;
			buildSettings = {
				ASSETCATALOG_COMPILER_APPICON_NAME = AppIcon;
				DEVELOPMENT_TEAM = 8KU532725H;
				INFOPLIST_FILE = "Kana Trainer/Info.plist";
				LD_RUNPATH_SEARCH_PATHS = "$(inherited) @executable_path/Frameworks";
				PRODUCT_BUNDLE_IDENTIFIER = "com.luna.Kana-Trainer";
				PRODUCT_NAME = "$(TARGET_NAME)";
				SWIFT_VERSION = 3.0;
			};
			name = Debug;
		};
		9E6183E81ED2A87C008ABD1B /* Release */ = {
			isa = XCBuildConfiguration;
			buildSettings = {
				ASSETCATALOG_COMPILER_APPICON_NAME = AppIcon;
				DEVELOPMENT_TEAM = 8KU532725H;
				INFOPLIST_FILE = "Kana Trainer/Info.plist";
				LD_RUNPATH_SEARCH_PATHS = "$(inherited) @executable_path/Frameworks";
				PRODUCT_BUNDLE_IDENTIFIER = "com.luna.Kana-Trainer";
				PRODUCT_NAME = "$(TARGET_NAME)";
				SWIFT_VERSION = 3.0;
			};
			name = Release;
		};
/* End XCBuildConfiguration section */

/* Begin XCConfigurationList section */
		9E6183CF1ED2A87C008ABD1B /* Build configuration list for PBXProject "Kana Trainer" */ = {
			isa = XCConfigurationList;
			buildConfigurations = (
				9E6183E41ED2A87C008ABD1B /* Debug */,
				9E6183E51ED2A87C008ABD1B /* Release */,
			);
			defaultConfigurationIsVisible = 0;
			defaultConfigurationName = Release;
		};
		9E6183E61ED2A87C008ABD1B /* Build configuration list for PBXNativeTarget "Kana Trainer" */ = {
			isa = XCConfigurationList;
			buildConfigurations = (
				9E6183E71ED2A87C008ABD1B /* Debug */,
				9E6183E81ED2A87C008ABD1B /* Release */,
			);
			defaultConfigurationIsVisible = 0;
		};
/* End XCConfigurationList section */
	};
	rootObject = 9E6183CC1ED2A87C008ABD1B /* Project object */;
}
